// !$*UTF8*$!
{
	archiveVersion = 1;
	classes = {
	};
	objectVersion = 46;
	objects = {

/* Begin PBXBuildFile section */
		4F5C2FBF65254427F27A69E8 /* libPods-NewProject.a in Frameworks */ = {isa = PBXBuildFile; fileRef = 8C28FFE686E2C28AB0B8B924 /* libPods-NewProject.a */; };
		CD02EF5C1E44648F00A7E8CC /* UIView+showOnKeyWindow.m in Sources */ = {isa = PBXBuildFile; fileRef = CD02EF5B1E44648F00A7E8CC /* UIView+showOnKeyWindow.m */; };
		CD0CF9B61EB196A800B98686 /* TJFirstViewController+CycleScrollView.m in Sources */ = {isa = PBXBuildFile; fileRef = CD0CF9B51EB196A800B98686 /* TJFirstViewController+CycleScrollView.m */; };
		CD0CF9C21EB1E2D200B98686 /* TJFourViewController+HeaderView.m in Sources */ = {isa = PBXBuildFile; fileRef = CD0CF9C11EB1E2D200B98686 /* TJFourViewController+HeaderView.m */; };
		CD0CF9C81EB2D9F700B98686 /* TJImagePickerViewController.m in Sources */ = {isa = PBXBuildFile; fileRef = CD0CF9C71EB2D9F700B98686 /* TJImagePickerViewController.m */; };
		CD0CF9CE1EB2E05E00B98686 /* LxGridViewFlowLayout.m in Sources */ = {isa = PBXBuildFile; fileRef = CD0CF9CD1EB2E05E00B98686 /* LxGridViewFlowLayout.m */; };
		CD0CF9D11EB2E5B000B98686 /* TZTestCell.m in Sources */ = {isa = PBXBuildFile; fileRef = CD0CF9D01EB2E5B000B98686 /* TZTestCell.m */; };
		CD13B0D51E2333C900093161 /* main.m in Sources */ = {isa = PBXBuildFile; fileRef = CD13B0D41E2333C900093161 /* main.m */; };
		CD13B0DE1E2333C900093161 /* Main.storyboard in Resources */ = {isa = PBXBuildFile; fileRef = CD13B0DC1E2333C900093161 /* Main.storyboard */; };
		CD13B0E01E2333C900093161 /* Assets.xcassets in Resources */ = {isa = PBXBuildFile; fileRef = CD13B0DF1E2333C900093161 /* Assets.xcassets */; };
		CD13B0E31E2333C900093161 /* LaunchScreen.storyboard in Resources */ = {isa = PBXBuildFile; fileRef = CD13B0E11E2333C900093161 /* LaunchScreen.storyboard */; };
		CD13B0EE1E2333C900093161 /* NewProjectTests.m in Sources */ = {isa = PBXBuildFile; fileRef = CD13B0ED1E2333C900093161 /* NewProjectTests.m */; };
		CD13B0F91E2333C900093161 /* NewProjectUITests.m in Sources */ = {isa = PBXBuildFile; fileRef = CD13B0F81E2333C900093161 /* NewProjectUITests.m */; };
		CD13B1571E2472B800093161 /* AFNetworkActivityConsoleLogger.m in Sources */ = {isa = PBXBuildFile; fileRef = CD13B1531E2472B800093161 /* AFNetworkActivityConsoleLogger.m */; };
		CD13B1581E2472B800093161 /* AFNetworkActivityLogger.m in Sources */ = {isa = PBXBuildFile; fileRef = CD13B1551E2472B800093161 /* AFNetworkActivityLogger.m */; };
		CD1DCF531E694CA6002C21AF /* TJTableViewHeaderView.xib in Resources */ = {isa = PBXBuildFile; fileRef = CD1DCF521E694CA6002C21AF /* TJTableViewHeaderView.xib */; };
		CD1DCF561E694CB9002C21AF /* TJTableViewHeaderView.m in Sources */ = {isa = PBXBuildFile; fileRef = CD1DCF551E694CB9002C21AF /* TJTableViewHeaderView.m */; };
		CD2C02FE20AAB85E0064A2C6 /* TJCacheCleanerPlugin.m in Sources */ = {isa = PBXBuildFile; fileRef = CD2C02FD20AAB85E0064A2C6 /* TJCacheCleanerPlugin.m */; };
		CD2C030120AABA250064A2C6 /* TJRetainCycleLoggerPlugin.m in Sources */ = {isa = PBXBuildFile; fileRef = CD2C030020AABA250064A2C6 /* TJRetainCycleLoggerPlugin.m */; };
		CD3659D71E5BD672008DCB12 /* UIImage+Extension.m in Sources */ = {isa = PBXBuildFile; fileRef = CD3659D61E5BD672008DCB12 /* UIImage+Extension.m */; };
		CD4B7C171E26053A007945A0 /* TJProjectConfig.m in Sources */ = {isa = PBXBuildFile; fileRef = CD4B7C161E26053A007945A0 /* TJProjectConfig.m */; };
		CD67A29C1E67F08700FEA095 /* UIView+Nib.m in Sources */ = {isa = PBXBuildFile; fileRef = CD67A29B1E67F08700FEA095 /* UIView+Nib.m */; };
		CD67A2AE1E6940A900FEA095 /* 1.jpg in Resources */ = {isa = PBXBuildFile; fileRef = CD67A2AD1E6940A900FEA095 /* 1.jpg */; };
		CD6CE5681EC3FC5B00346B7D /* TJFoundationCameraRecordingViewController.m in Sources */ = {isa = PBXBuildFile; fileRef = CD6CE5671EC3FC5B00346B7D /* TJFoundationCameraRecordingViewController.m */; };
		CD6CE5831EC553FB00346B7D /* TJMPMoviePlayerController.m in Sources */ = {isa = PBXBuildFile; fileRef = CD6CE5821EC553FB00346B7D /* TJMPMoviePlayerController.m */; };
		CD6CE5851EC555DB00346B7D /* The New Look of OS X Yosemite.mp4 in Resources */ = {isa = PBXBuildFile; fileRef = CD6CE5841EC555DB00346B7D /* The New Look of OS X Yosemite.mp4 */; };
		CD6CE58A1EC5978F00346B7D /* UIImageView+TJBlurEffeect.m in Sources */ = {isa = PBXBuildFile; fileRef = CD6CE5891EC5978F00346B7D /* UIImageView+TJBlurEffeect.m */; };
		CD6CE58E1EC59C5F00346B7D /* TJFontSizeAndBlurEffectViewController.m in Sources */ = {isa = PBXBuildFile; fileRef = CD6CE58D1EC59C5F00346B7D /* TJFontSizeAndBlurEffectViewController.m */; };
		CD71E5AB1E6D02370058B89F /* First.storyboard in Resources */ = {isa = PBXBuildFile; fileRef = CD71E5AA1E6D02370058B89F /* First.storyboard */; };
		CD71E5AD1E6D023E0058B89F /* Second.storyboard in Resources */ = {isa = PBXBuildFile; fileRef = CD71E5AC1E6D023E0058B89F /* Second.storyboard */; };
		CD71E5B11E6D02520058B89F /* Four.storyboard in Resources */ = {isa = PBXBuildFile; fileRef = CD71E5B01E6D02520058B89F /* Four.storyboard */; };
		CD71E5BE1E6D02750058B89F /* TJCustomAlertView.m in Sources */ = {isa = PBXBuildFile; fileRef = CD71E5B51E6D02750058B89F /* TJCustomAlertView.m */; };
		CD71E5BF1E6D02750058B89F /* TJCustomAlertView.xib in Resources */ = {isa = PBXBuildFile; fileRef = CD71E5B61E6D02750058B89F /* TJCustomAlertView.xib */; };
		CD71E5C01E6D02750058B89F /* Third.storyboard in Resources */ = {isa = PBXBuildFile; fileRef = CD71E5B71E6D02750058B89F /* Third.storyboard */; };
		CD71E5C11E6D02750058B89F /* TJThirdViewController.m in Sources */ = {isa = PBXBuildFile; fileRef = CD71E5B91E6D02750058B89F /* TJThirdViewController.m */; };
		CD71E5C21E6D02750058B89F /* TJStrockViewController.m in Sources */ = {isa = PBXBuildFile; fileRef = CD71E5BD1E6D02750058B89F /* TJStrockViewController.m */; };
		CD71E5CA1E6D04210058B89F /* TJBaseNavigationViewController.m in Sources */ = {isa = PBXBuildFile; fileRef = CD71E5C51E6D04210058B89F /* TJBaseNavigationViewController.m */; };
		CD71E5CB1E6D04210058B89F /* TJBaseTableViewController.m in Sources */ = {isa = PBXBuildFile; fileRef = CD71E5C71E6D04210058B89F /* TJBaseTableViewController.m */; };
		CD71E5CC1E6D04210058B89F /* TJBaseViewController.m in Sources */ = {isa = PBXBuildFile; fileRef = CD71E5C91E6D04210058B89F /* TJBaseViewController.m */; };
		CD71E5CF1E6D04FC0058B89F /* TJFMDBViewController.m in Sources */ = {isa = PBXBuildFile; fileRef = CD71E5CE1E6D04FC0058B89F /* TJFMDBViewController.m */; };
		CD7E7BDC1E339FBA002405A5 /* TJRoutesConfig.m in Sources */ = {isa = PBXBuildFile; fileRef = CD7E7BDB1E339FBA002405A5 /* TJRoutesConfig.m */; };
		CD7E7BE01E33A0EC002405A5 /* TJRoutes.m in Sources */ = {isa = PBXBuildFile; fileRef = CD7E7BDF1E33A0EC002405A5 /* TJRoutes.m */; };
		CD7F23AE1E372B6300F47D3F /* TJTestModel.m in Sources */ = {isa = PBXBuildFile; fileRef = CD7F23AD1E372B6300F47D3F /* TJTestModel.m */; };
		CD8AEAAD1E2C671500C64BB7 /* UIViewController+TJMethodSwizzied.m in Sources */ = {isa = PBXBuildFile; fileRef = CD8AEAAC1E2C671500C64BB7 /* UIViewController+TJMethodSwizzied.m */; };
		CD8AEABB1E2C8F6C00C64BB7 /* TJAPIManager.m in Sources */ = {isa = PBXBuildFile; fileRef = CD8AEAB81E2C8F6C00C64BB7 /* TJAPIManager.m */; };
		CD8AEABC1E2C8F6C00C64BB7 /* TJHTTPSessionManager.m in Sources */ = {isa = PBXBuildFile; fileRef = CD8AEABA1E2C8F6C00C64BB7 /* TJHTTPSessionManager.m */; };
		CD8AEADF1E2C94F300C64BB7 /* TJMainTabBarViewController.m in Sources */ = {isa = PBXBuildFile; fileRef = CD8AEADE1E2C94F300C64BB7 /* TJMainTabBarViewController.m */; };
		CD8AEAE21E2C95C300C64BB7 /* TJFirstViewController.m in Sources */ = {isa = PBXBuildFile; fileRef = CD8AEAE11E2C95C300C64BB7 /* TJFirstViewController.m */; };
		CD8AEAE51E2C95CF00C64BB7 /* TJSecondViewController.m in Sources */ = {isa = PBXBuildFile; fileRef = CD8AEAE41E2C95CF00C64BB7 /* TJSecondViewController.m */; };
		CD8AEAEB1E2C95E500C64BB7 /* TJFourViewController.m in Sources */ = {isa = PBXBuildFile; fileRef = CD8AEAEA1E2C95E500C64BB7 /* TJFourViewController.m */; };
		CD8AEAEF1E2C96EF00C64BB7 /* UIStoryboard+NewProject.m in Sources */ = {isa = PBXBuildFile; fileRef = CD8AEAEE1E2C96EF00C64BB7 /* UIStoryboard+NewProject.m */; };
		CD8AEAFD1E2C9AF700C64BB7 /* UIWebView+TJCache.m in Sources */ = {isa = PBXBuildFile; fileRef = CD8AEAFC1E2C9AF700C64BB7 /* UIWebView+TJCache.m */; };
		CD8AEB261E2CB99900C64BB7 /* TabIcon.xcassets in Resources */ = {isa = PBXBuildFile; fileRef = CD8AEB251E2CB99900C64BB7 /* TabIcon.xcassets */; };
		CD8AEB2A1E2CBD3200C64BB7 /* UITabBar+TJBadge.m in Sources */ = {isa = PBXBuildFile; fileRef = CD8AEB291E2CBD3200C64BB7 /* UITabBar+TJBadge.m */; };
		CD8AEB2E1E2DB45700C64BB7 /* NSString+TJCountCut.m in Sources */ = {isa = PBXBuildFile; fileRef = CD8AEB2D1E2DB45700C64BB7 /* NSString+TJCountCut.m */; };
		CD8AEB321E2DB86400C64BB7 /* UIWindow+TJWindow.m in Sources */ = {isa = PBXBuildFile; fileRef = CD8AEB311E2DB86400C64BB7 /* UIWindow+TJWindow.m */; };
		CD92058B1EC0057600061E93 /* TJAudioRecorderViewController.m in Sources */ = {isa = PBXBuildFile; fileRef = CD9205861EC0057600061E93 /* TJAudioRecorderViewController.m */; };
		CD92058C1EC0057600061E93 /* TJAudioViewController.m in Sources */ = {isa = PBXBuildFile; fileRef = CD9205881EC0057600061E93 /* TJAudioViewController.m */; };
		CD92058D1EC0057600061E93 /* TJFoundationCameraViewController.m in Sources */ = {isa = PBXBuildFile; fileRef = CD92058A1EC0057600061E93 /* TJFoundationCameraViewController.m */; };
		CD9205971EC0503400061E93 /* TJWebListTableViewController.m in Sources */ = {isa = PBXBuildFile; fileRef = CD9205961EC0503400061E93 /* TJWebListTableViewController.m */; };
		CD92059B1EC0527D00061E93 /* TJWebviewProgressLineViewController.m in Sources */ = {isa = PBXBuildFile; fileRef = CD92059A1EC0527D00061E93 /* TJWebviewProgressLineViewController.m */; };
		CD92059E1EC052AE00061E93 /* TJViewProgressLine.m in Sources */ = {isa = PBXBuildFile; fileRef = CD92059D1EC052AE00061E93 /* TJViewProgressLine.m */; };
		CD9205A21EC05E3E00061E93 /* TJWKWebViewViewController.m in Sources */ = {isa = PBXBuildFile; fileRef = CD9205A11EC05E3E00061E93 /* TJWKWebViewViewController.m */; };
		CD9205A71EC15CBB00061E93 /* TJWKUserScriptViewController.m in Sources */ = {isa = PBXBuildFile; fileRef = CD9205A61EC15CBB00061E93 /* TJWKUserScriptViewController.m */; };
		CD9205AB1EC162CC00061E93 /* TJWebViewJavascriptBridgeViewController.m in Sources */ = {isa = PBXBuildFile; fileRef = CD9205AA1EC162CC00061E93 /* TJWebViewJavascriptBridgeViewController.m */; };
		CD9205AD1EC164F300061E93 /* ExampleApp.html in Resources */ = {isa = PBXBuildFile; fileRef = CD9205AC1EC164F300061E93 /* ExampleApp.html */; };
		CD943E892079FC4C00850906 /* TJDeviceInfo.m in Sources */ = {isa = PBXBuildFile; fileRef = CD943E882079FC4C00850906 /* TJDeviceInfo.m */; };
		CD94DF431EDFDF4D002FE86D /* TJVideoToolboxViewController.m in Sources */ = {isa = PBXBuildFile; fileRef = CD94DF421EDFDF4D002FE86D /* TJVideoToolboxViewController.m */; };
		CD94DF451EDFE0EA002FE86D /* VideoToolbox.framework in Frameworks */ = {isa = PBXBuildFile; fileRef = CD94DF441EDFE0EA002FE86D /* VideoToolbox.framework */; };
		CD94DF481EE0FD57002FE86D /* TJVideoToolboxDecodeViewController.m in Sources */ = {isa = PBXBuildFile; fileRef = CD94DF471EE0FD57002FE86D /* TJVideoToolboxDecodeViewController.m */; };
		CD9537FE1EB96F3300326288 /* TJOrientationViewController.m in Sources */ = {isa = PBXBuildFile; fileRef = CD9537FD1EB96F3300326288 /* TJOrientationViewController.m */; };
		CD9538011EB9D21600326288 /* MediaPlayer.framework in Frameworks */ = {isa = PBXBuildFile; fileRef = CD9538001EB9D21600326288 /* MediaPlayer.framework */; };
		CD9538041EBAC8F700326288 /* TJThirdViewController+pushViewController.m in Sources */ = {isa = PBXBuildFile; fileRef = CD9538031EBAC8F700326288 /* TJThirdViewController+pushViewController.m */; };
		CD95380E1EBAFDFF00326288 /* AVFoundation.framework in Frameworks */ = {isa = PBXBuildFile; fileRef = CD95380D1EBAFDFF00326288 /* AVFoundation.framework */; };
		CD9538101EBAFE1000326288 /* AudioToolbox.framework in Frameworks */ = {isa = PBXBuildFile; fileRef = CD95380F1EBAFE1000326288 /* AudioToolbox.framework */; };
		CD9538171EBB08B100326288 /* The New Look of OS X Yosemite.mp4 in Resources */ = {isa = PBXBuildFile; fileRef = CD9538161EBB08B100326288 /* The New Look of OS X Yosemite.mp4 */; };
		CD9538191EBB0B5800326288 /* 派对动物_五月天_派对动物.mp3 in Resources */ = {isa = PBXBuildFile; fileRef = CD9538181EBB0B5800326288 /* 派对动物_五月天_派对动物.mp3 */; };
		CD9538731EBC560900326288 /* AssetsLibrary.framework in Frameworks */ = {isa = PBXBuildFile; fileRef = CD9538721EBC560900326288 /* AssetsLibrary.framework */; };
		CDA35B3420A5428F00A97D40 /* videoRing.caf in Resources */ = {isa = PBXBuildFile; fileRef = CDA35B3320A5428F00A97D40 /* videoRing.caf */; };
		CDC414BD1E24EE3B00EA685D /* UIViewController+TJDismissKeyboard.m in Sources */ = {isa = PBXBuildFile; fileRef = CDC414BA1E24EE3B00EA685D /* UIViewController+TJDismissKeyboard.m */; };
		CDC414BE1E24EE3B00EA685D /* UIViewController+TJMBProgressHUD.m in Sources */ = {isa = PBXBuildFile; fileRef = CDC414BC1E24EE3B00EA685D /* UIViewController+TJMBProgressHUD.m */; };
		CDC414D81E24EFC900EA685D /* UIFont+TJFont.m in Sources */ = {isa = PBXBuildFile; fileRef = CDC414D71E24EFC900EA685D /* UIFont+TJFont.m */; };
		CDC414D91E24EFC900EA685D /* UIFont+TJFont.m in Sources */ = {isa = PBXBuildFile; fileRef = CDC414D71E24EFC900EA685D /* UIFont+TJFont.m */; };
		CDC414DA1E24EFC900EA685D /* UIFont+TJFont.m in Sources */ = {isa = PBXBuildFile; fileRef = CDC414D71E24EFC900EA685D /* UIFont+TJFont.m */; };
		CDC414DD1E24F0FE00EA685D /* UIColor+TJColor.m in Sources */ = {isa = PBXBuildFile; fileRef = CDC414DC1E24F0FE00EA685D /* UIColor+TJColor.m */; };
		CDC414DE1E24F0FE00EA685D /* UIColor+TJColor.m in Sources */ = {isa = PBXBuildFile; fileRef = CDC414DC1E24F0FE00EA685D /* UIColor+TJColor.m */; };
		CDC414DF1E24F0FE00EA685D /* UIColor+TJColor.m in Sources */ = {isa = PBXBuildFile; fileRef = CDC414DC1E24F0FE00EA685D /* UIColor+TJColor.m */; };
		CDC96A8B1E345289000239DB /* AppDelegate.m in Sources */ = {isa = PBXBuildFile; fileRef = CDC96A8A1E345289000239DB /* AppDelegate.m */; };
		CDC96AA11E34861E000239DB /* TJTestViewController.m in Sources */ = {isa = PBXBuildFile; fileRef = CDC96AA01E34861E000239DB /* TJTestViewController.m */; };
		CDC96AA41E348903000239DB /* AppDelegate+JLRoute.m in Sources */ = {isa = PBXBuildFile; fileRef = CDC96AA31E348903000239DB /* AppDelegate+JLRoute.m */; };
		CDC96DEE1E35E4AD000239DB /* TJModel.m in Sources */ = {isa = PBXBuildFile; fileRef = CDC96DED1E35E4AD000239DB /* TJModel.m */; };
		CDED523B1EAEEEED006BF64C /* TJImagePickerCollectionViewCell.m in Sources */ = {isa = PBXBuildFile; fileRef = CDED523A1EAEEEED006BF64C /* TJImagePickerCollectionViewCell.m */; };
		CDED525D1EAF2817006BF64C /* TJCollectionViewController.m in Sources */ = {isa = PBXBuildFile; fileRef = CDED525A1EAF2817006BF64C /* TJCollectionViewController.m */; };
		CDED525E1EAF2817006BF64C /* TJStoryboardCollectionViewController.m in Sources */ = {isa = PBXBuildFile; fileRef = CDED525C1EAF2817006BF64C /* TJStoryboardCollectionViewController.m */; };
		CDED52641EAF286A006BF64C /* TJCollectionViewCell.m in Sources */ = {isa = PBXBuildFile; fileRef = CDED52631EAF286A006BF64C /* TJCollectionViewCell.m */; };
		CDED52671EAF287E006BF64C /* TJCollectionHeaderReusableView.m in Sources */ = {isa = PBXBuildFile; fileRef = CDED52661EAF287E006BF64C /* TJCollectionHeaderReusableView.m */; };
		CDED526A1EAF288E006BF64C /* TJCollectionFooterReusableView.m in Sources */ = {isa = PBXBuildFile; fileRef = CDED52691EAF288E006BF64C /* TJCollectionFooterReusableView.m */; };
/* End PBXBuildFile section */

/* Begin PBXContainerItemProxy section */
		CD13B0EA1E2333C900093161 /* PBXContainerItemProxy */ = {
			isa = PBXContainerItemProxy;
			containerPortal = CD13B0C81E2333C900093161 /* Project object */;
			proxyType = 1;
			remoteGlobalIDString = CD13B0CF1E2333C900093161;
			remoteInfo = NewProject;
		};
		CD13B0F51E2333C900093161 /* PBXContainerItemProxy */ = {
			isa = PBXContainerItemProxy;
			containerPortal = CD13B0C81E2333C900093161 /* Project object */;
			proxyType = 1;
			remoteGlobalIDString = CD13B0CF1E2333C900093161;
			remoteInfo = NewProject;
		};
/* End PBXContainerItemProxy section */

/* Begin PBXFileReference section */
		532B01B05635263ACECCD636 /* Pods-NewProject.debug.xcconfig */ = {isa = PBXFileReference; includeInIndex = 1; lastKnownFileType = text.xcconfig; name = "Pods-NewProject.debug.xcconfig"; path = "Pods/Target Support Files/Pods-NewProject/Pods-NewProject.debug.xcconfig"; sourceTree = "<group>"; };
		865A46DFA4885307B4324AC0 /* Pods-NewProject.release.xcconfig */ = {isa = PBXFileReference; includeInIndex = 1; lastKnownFileType = text.xcconfig; name = "Pods-NewProject.release.xcconfig"; path = "Pods/Target Support Files/Pods-NewProject/Pods-NewProject.release.xcconfig"; sourceTree = "<group>"; };
		8C28FFE686E2C28AB0B8B924 /* libPods-NewProject.a */ = {isa = PBXFileReference; explicitFileType = archive.ar; includeInIndex = 0; path = "libPods-NewProject.a"; sourceTree = BUILT_PRODUCTS_DIR; };
		CD02EF5A1E44648F00A7E8CC /* UIView+showOnKeyWindow.h */ = {isa = PBXFileReference; fileEncoding = 4; lastKnownFileType = sourcecode.c.h; path = "UIView+showOnKeyWindow.h"; sourceTree = "<group>"; };
		CD02EF5B1E44648F00A7E8CC /* UIView+showOnKeyWindow.m */ = {isa = PBXFileReference; fileEncoding = 4; lastKnownFileType = sourcecode.c.objc; path = "UIView+showOnKeyWindow.m"; sourceTree = "<group>"; };
		CD0CF9B41EB196A800B98686 /* TJFirstViewController+CycleScrollView.h */ = {isa = PBXFileReference; fileEncoding = 4; lastKnownFileType = sourcecode.c.h; path = "TJFirstViewController+CycleScrollView.h"; sourceTree = "<group>"; };
		CD0CF9B51EB196A800B98686 /* TJFirstViewController+CycleScrollView.m */ = {isa = PBXFileReference; fileEncoding = 4; lastKnownFileType = sourcecode.c.objc; path = "TJFirstViewController+CycleScrollView.m"; sourceTree = "<group>"; };
		CD0CF9C01EB1E2D200B98686 /* TJFourViewController+HeaderView.h */ = {isa = PBXFileReference; fileEncoding = 4; lastKnownFileType = sourcecode.c.h; path = "TJFourViewController+HeaderView.h"; sourceTree = "<group>"; };
		CD0CF9C11EB1E2D200B98686 /* TJFourViewController+HeaderView.m */ = {isa = PBXFileReference; fileEncoding = 4; lastKnownFileType = sourcecode.c.objc; path = "TJFourViewController+HeaderView.m"; sourceTree = "<group>"; };
		CD0CF9C61EB2D9F700B98686 /* TJImagePickerViewController.h */ = {isa = PBXFileReference; fileEncoding = 4; lastKnownFileType = sourcecode.c.h; path = TJImagePickerViewController.h; sourceTree = "<group>"; };
		CD0CF9C71EB2D9F700B98686 /* TJImagePickerViewController.m */ = {isa = PBXFileReference; fileEncoding = 4; lastKnownFileType = sourcecode.c.objc; path = TJImagePickerViewController.m; sourceTree = "<group>"; };
		CD0CF9CC1EB2E05E00B98686 /* LxGridViewFlowLayout.h */ = {isa = PBXFileReference; fileEncoding = 4; lastKnownFileType = sourcecode.c.h; path = LxGridViewFlowLayout.h; sourceTree = "<group>"; };
		CD0CF9CD1EB2E05E00B98686 /* LxGridViewFlowLayout.m */ = {isa = PBXFileReference; fileEncoding = 4; lastKnownFileType = sourcecode.c.objc; path = LxGridViewFlowLayout.m; sourceTree = "<group>"; };
		CD0CF9CF1EB2E5B000B98686 /* TZTestCell.h */ = {isa = PBXFileReference; fileEncoding = 4; lastKnownFileType = sourcecode.c.h; path = TZTestCell.h; sourceTree = "<group>"; };
		CD0CF9D01EB2E5B000B98686 /* TZTestCell.m */ = {isa = PBXFileReference; fileEncoding = 4; lastKnownFileType = sourcecode.c.objc; path = TZTestCell.m; sourceTree = "<group>"; };
		CD13B0D01E2333C900093161 /* NewProject.app */ = {isa = PBXFileReference; explicitFileType = wrapper.application; includeInIndex = 0; path = NewProject.app; sourceTree = BUILT_PRODUCTS_DIR; };
		CD13B0D41E2333C900093161 /* main.m */ = {isa = PBXFileReference; lastKnownFileType = sourcecode.c.objc; path = main.m; sourceTree = "<group>"; };
		CD13B0DD1E2333C900093161 /* Base */ = {isa = PBXFileReference; lastKnownFileType = file.storyboard; name = Base; path = Base.lproj/Main.storyboard; sourceTree = "<group>"; };
		CD13B0DF1E2333C900093161 /* Assets.xcassets */ = {isa = PBXFileReference; lastKnownFileType = folder.assetcatalog; path = Assets.xcassets; sourceTree = "<group>"; };
		CD13B0E21E2333C900093161 /* Base */ = {isa = PBXFileReference; lastKnownFileType = file.storyboard; name = Base; path = Base.lproj/LaunchScreen.storyboard; sourceTree = "<group>"; };
		CD13B0E41E2333C900093161 /* Info.plist */ = {isa = PBXFileReference; lastKnownFileType = text.plist.xml; path = Info.plist; sourceTree = "<group>"; };
		CD13B0E91E2333C900093161 /* NewProjectTests.xctest */ = {isa = PBXFileReference; explicitFileType = wrapper.cfbundle; includeInIndex = 0; path = NewProjectTests.xctest; sourceTree = BUILT_PRODUCTS_DIR; };
		CD13B0ED1E2333C900093161 /* NewProjectTests.m */ = {isa = PBXFileReference; lastKnownFileType = sourcecode.c.objc; path = NewProjectTests.m; sourceTree = "<group>"; };
		CD13B0EF1E2333C900093161 /* Info.plist */ = {isa = PBXFileReference; lastKnownFileType = text.plist.xml; path = Info.plist; sourceTree = "<group>"; };
		CD13B0F41E2333C900093161 /* NewProjectUITests.xctest */ = {isa = PBXFileReference; explicitFileType = wrapper.cfbundle; includeInIndex = 0; path = NewProjectUITests.xctest; sourceTree = BUILT_PRODUCTS_DIR; };
		CD13B0F81E2333C900093161 /* NewProjectUITests.m */ = {isa = PBXFileReference; lastKnownFileType = sourcecode.c.objc; path = NewProjectUITests.m; sourceTree = "<group>"; };
		CD13B0FA1E2333C900093161 /* Info.plist */ = {isa = PBXFileReference; lastKnownFileType = text.plist.xml; path = Info.plist; sourceTree = "<group>"; };
		CD13B1521E2472B800093161 /* AFNetworkActivityConsoleLogger.h */ = {isa = PBXFileReference; fileEncoding = 4; lastKnownFileType = sourcecode.c.h; path = AFNetworkActivityConsoleLogger.h; sourceTree = "<group>"; };
		CD13B1531E2472B800093161 /* AFNetworkActivityConsoleLogger.m */ = {isa = PBXFileReference; fileEncoding = 4; lastKnownFileType = sourcecode.c.objc; path = AFNetworkActivityConsoleLogger.m; sourceTree = "<group>"; };
		CD13B1541E2472B800093161 /* AFNetworkActivityLogger.h */ = {isa = PBXFileReference; fileEncoding = 4; lastKnownFileType = sourcecode.c.h; path = AFNetworkActivityLogger.h; sourceTree = "<group>"; };
		CD13B1551E2472B800093161 /* AFNetworkActivityLogger.m */ = {isa = PBXFileReference; fileEncoding = 4; lastKnownFileType = sourcecode.c.objc; path = AFNetworkActivityLogger.m; sourceTree = "<group>"; };
		CD13B1561E2472B800093161 /* AFNetworkActivityLoggerProtocol.h */ = {isa = PBXFileReference; fileEncoding = 4; lastKnownFileType = sourcecode.c.h; path = AFNetworkActivityLoggerProtocol.h; sourceTree = "<group>"; };
		CD1DCF521E694CA6002C21AF /* TJTableViewHeaderView.xib */ = {isa = PBXFileReference; fileEncoding = 4; lastKnownFileType = file.xib; path = TJTableViewHeaderView.xib; sourceTree = "<group>"; };
		CD1DCF541E694CB9002C21AF /* TJTableViewHeaderView.h */ = {isa = PBXFileReference; fileEncoding = 4; lastKnownFileType = sourcecode.c.h; path = TJTableViewHeaderView.h; sourceTree = "<group>"; };
		CD1DCF551E694CB9002C21AF /* TJTableViewHeaderView.m */ = {isa = PBXFileReference; fileEncoding = 4; lastKnownFileType = sourcecode.c.objc; path = TJTableViewHeaderView.m; sourceTree = "<group>"; };
		CD2C02FC20AAB85E0064A2C6 /* TJCacheCleanerPlugin.h */ = {isa = PBXFileReference; lastKnownFileType = sourcecode.c.h; path = TJCacheCleanerPlugin.h; sourceTree = "<group>"; };
		CD2C02FD20AAB85E0064A2C6 /* TJCacheCleanerPlugin.m */ = {isa = PBXFileReference; lastKnownFileType = sourcecode.c.objc; path = TJCacheCleanerPlugin.m; sourceTree = "<group>"; };
		CD2C02FF20AABA250064A2C6 /* TJRetainCycleLoggerPlugin.h */ = {isa = PBXFileReference; lastKnownFileType = sourcecode.c.h; path = TJRetainCycleLoggerPlugin.h; sourceTree = "<group>"; };
		CD2C030020AABA250064A2C6 /* TJRetainCycleLoggerPlugin.m */ = {isa = PBXFileReference; lastKnownFileType = sourcecode.c.objc; path = TJRetainCycleLoggerPlugin.m; sourceTree = "<group>"; };
		CD3659D51E5BD672008DCB12 /* UIImage+Extension.h */ = {isa = PBXFileReference; fileEncoding = 4; lastKnownFileType = sourcecode.c.h; path = "UIImage+Extension.h"; sourceTree = "<group>"; };
		CD3659D61E5BD672008DCB12 /* UIImage+Extension.m */ = {isa = PBXFileReference; fileEncoding = 4; lastKnownFileType = sourcecode.c.objc; path = "UIImage+Extension.m"; sourceTree = "<group>"; };
		CD4B7C0F1E25CC87007945A0 /* TJPrefixHeader.pch */ = {isa = PBXFileReference; fileEncoding = 4; lastKnownFileType = sourcecode.c.h; path = TJPrefixHeader.pch; sourceTree = "<group>"; };
		CD4B7C151E26053A007945A0 /* TJProjectConfig.h */ = {isa = PBXFileReference; fileEncoding = 4; lastKnownFileType = sourcecode.c.h; path = TJProjectConfig.h; sourceTree = "<group>"; };
		CD4B7C161E26053A007945A0 /* TJProjectConfig.m */ = {isa = PBXFileReference; fileEncoding = 4; lastKnownFileType = sourcecode.c.objc; path = TJProjectConfig.m; sourceTree = "<group>"; };
		CD67A29A1E67F08700FEA095 /* UIView+Nib.h */ = {isa = PBXFileReference; fileEncoding = 4; lastKnownFileType = sourcecode.c.h; path = "UIView+Nib.h"; sourceTree = "<group>"; };
		CD67A29B1E67F08700FEA095 /* UIView+Nib.m */ = {isa = PBXFileReference; fileEncoding = 4; lastKnownFileType = sourcecode.c.objc; path = "UIView+Nib.m"; sourceTree = "<group>"; };
		CD67A2AD1E6940A900FEA095 /* 1.jpg */ = {isa = PBXFileReference; lastKnownFileType = image.jpeg; path = 1.jpg; sourceTree = "<group>"; };
		CD6CE5661EC3FC5B00346B7D /* TJFoundationCameraRecordingViewController.h */ = {isa = PBXFileReference; fileEncoding = 4; lastKnownFileType = sourcecode.c.h; path = TJFoundationCameraRecordingViewController.h; sourceTree = "<group>"; };
		CD6CE5671EC3FC5B00346B7D /* TJFoundationCameraRecordingViewController.m */ = {isa = PBXFileReference; fileEncoding = 4; lastKnownFileType = sourcecode.c.objc; path = TJFoundationCameraRecordingViewController.m; sourceTree = "<group>"; };
		CD6CE5811EC553FB00346B7D /* TJMPMoviePlayerController.h */ = {isa = PBXFileReference; fileEncoding = 4; lastKnownFileType = sourcecode.c.h; path = TJMPMoviePlayerController.h; sourceTree = "<group>"; };
		CD6CE5821EC553FB00346B7D /* TJMPMoviePlayerController.m */ = {isa = PBXFileReference; fileEncoding = 4; lastKnownFileType = sourcecode.c.objc; path = TJMPMoviePlayerController.m; sourceTree = "<group>"; };
		CD6CE5841EC555DB00346B7D /* The New Look of OS X Yosemite.mp4 */ = {isa = PBXFileReference; lastKnownFileType = file; path = "The New Look of OS X Yosemite.mp4"; sourceTree = "<group>"; };
		CD6CE5881EC5978F00346B7D /* UIImageView+TJBlurEffeect.h */ = {isa = PBXFileReference; fileEncoding = 4; lastKnownFileType = sourcecode.c.h; path = "UIImageView+TJBlurEffeect.h"; sourceTree = "<group>"; };
		CD6CE5891EC5978F00346B7D /* UIImageView+TJBlurEffeect.m */ = {isa = PBXFileReference; fileEncoding = 4; lastKnownFileType = sourcecode.c.objc; path = "UIImageView+TJBlurEffeect.m"; sourceTree = "<group>"; };
		CD6CE58C1EC59C5F00346B7D /* TJFontSizeAndBlurEffectViewController.h */ = {isa = PBXFileReference; fileEncoding = 4; lastKnownFileType = sourcecode.c.h; path = TJFontSizeAndBlurEffectViewController.h; sourceTree = "<group>"; };
		CD6CE58D1EC59C5F00346B7D /* TJFontSizeAndBlurEffectViewController.m */ = {isa = PBXFileReference; fileEncoding = 4; lastKnownFileType = sourcecode.c.objc; path = TJFontSizeAndBlurEffectViewController.m; sourceTree = "<group>"; };
		CD71E5AA1E6D02370058B89F /* First.storyboard */ = {isa = PBXFileReference; fileEncoding = 4; lastKnownFileType = file.storyboard; path = First.storyboard; sourceTree = "<group>"; };
		CD71E5AC1E6D023E0058B89F /* Second.storyboard */ = {isa = PBXFileReference; fileEncoding = 4; lastKnownFileType = file.storyboard; path = Second.storyboard; sourceTree = "<group>"; };
		CD71E5B01E6D02520058B89F /* Four.storyboard */ = {isa = PBXFileReference; fileEncoding = 4; lastKnownFileType = file.storyboard; path = Four.storyboard; sourceTree = "<group>"; };
		CD71E5B41E6D02750058B89F /* TJCustomAlertView.h */ = {isa = PBXFileReference; fileEncoding = 4; lastKnownFileType = sourcecode.c.h; path = TJCustomAlertView.h; sourceTree = "<group>"; };
		CD71E5B51E6D02750058B89F /* TJCustomAlertView.m */ = {isa = PBXFileReference; fileEncoding = 4; lastKnownFileType = sourcecode.c.objc; path = TJCustomAlertView.m; sourceTree = "<group>"; };
		CD71E5B61E6D02750058B89F /* TJCustomAlertView.xib */ = {isa = PBXFileReference; fileEncoding = 4; lastKnownFileType = file.xib; path = TJCustomAlertView.xib; sourceTree = "<group>"; };
		CD71E5B71E6D02750058B89F /* Third.storyboard */ = {isa = PBXFileReference; fileEncoding = 4; lastKnownFileType = file.storyboard; path = Third.storyboard; sourceTree = "<group>"; };
		CD71E5B81E6D02750058B89F /* TJThirdViewController.h */ = {isa = PBXFileReference; fileEncoding = 4; lastKnownFileType = sourcecode.c.h; path = TJThirdViewController.h; sourceTree = "<group>"; };
		CD71E5B91E6D02750058B89F /* TJThirdViewController.m */ = {isa = PBXFileReference; fileEncoding = 4; lastKnownFileType = sourcecode.c.objc; path = TJThirdViewController.m; sourceTree = "<group>"; };
		CD71E5BC1E6D02750058B89F /* TJStrockViewController.h */ = {isa = PBXFileReference; fileEncoding = 4; lastKnownFileType = sourcecode.c.h; path = TJStrockViewController.h; sourceTree = "<group>"; };
		CD71E5BD1E6D02750058B89F /* TJStrockViewController.m */ = {isa = PBXFileReference; fileEncoding = 4; lastKnownFileType = sourcecode.c.objc; path = TJStrockViewController.m; sourceTree = "<group>"; };
		CD71E5C41E6D04210058B89F /* TJBaseNavigationViewController.h */ = {isa = PBXFileReference; fileEncoding = 4; lastKnownFileType = sourcecode.c.h; path = TJBaseNavigationViewController.h; sourceTree = "<group>"; };
		CD71E5C51E6D04210058B89F /* TJBaseNavigationViewController.m */ = {isa = PBXFileReference; fileEncoding = 4; lastKnownFileType = sourcecode.c.objc; path = TJBaseNavigationViewController.m; sourceTree = "<group>"; };
		CD71E5C61E6D04210058B89F /* TJBaseTableViewController.h */ = {isa = PBXFileReference; fileEncoding = 4; lastKnownFileType = sourcecode.c.h; path = TJBaseTableViewController.h; sourceTree = "<group>"; };
		CD71E5C71E6D04210058B89F /* TJBaseTableViewController.m */ = {isa = PBXFileReference; fileEncoding = 4; lastKnownFileType = sourcecode.c.objc; path = TJBaseTableViewController.m; sourceTree = "<group>"; };
		CD71E5C81E6D04210058B89F /* TJBaseViewController.h */ = {isa = PBXFileReference; fileEncoding = 4; lastKnownFileType = sourcecode.c.h; path = TJBaseViewController.h; sourceTree = "<group>"; };
		CD71E5C91E6D04210058B89F /* TJBaseViewController.m */ = {isa = PBXFileReference; fileEncoding = 4; lastKnownFileType = sourcecode.c.objc; path = TJBaseViewController.m; sourceTree = "<group>"; };
		CD71E5CD1E6D04FC0058B89F /* TJFMDBViewController.h */ = {isa = PBXFileReference; fileEncoding = 4; lastKnownFileType = sourcecode.c.h; path = TJFMDBViewController.h; sourceTree = "<group>"; };
		CD71E5CE1E6D04FC0058B89F /* TJFMDBViewController.m */ = {isa = PBXFileReference; fileEncoding = 4; lastKnownFileType = sourcecode.c.objc; path = TJFMDBViewController.m; sourceTree = "<group>"; };
		CD71E5D01E6D338C0058B89F /* TJNotificationContants.h */ = {isa = PBXFileReference; lastKnownFileType = sourcecode.c.h; path = TJNotificationContants.h; sourceTree = "<group>"; };
		CD71E5D11E6D36B20058B89F /* TJStoryboardContants.h */ = {isa = PBXFileReference; lastKnownFileType = sourcecode.c.h; path = TJStoryboardContants.h; sourceTree = "<group>"; };
		CD7E7BDA1E339FBA002405A5 /* TJRoutesConfig.h */ = {isa = PBXFileReference; fileEncoding = 4; lastKnownFileType = sourcecode.c.h; path = TJRoutesConfig.h; sourceTree = "<group>"; };
		CD7E7BDB1E339FBA002405A5 /* TJRoutesConfig.m */ = {isa = PBXFileReference; fileEncoding = 4; lastKnownFileType = sourcecode.c.objc; path = TJRoutesConfig.m; sourceTree = "<group>"; };
		CD7E7BDE1E33A0EC002405A5 /* TJRoutes.h */ = {isa = PBXFileReference; fileEncoding = 4; lastKnownFileType = sourcecode.c.h; path = TJRoutes.h; sourceTree = "<group>"; };
		CD7E7BDF1E33A0EC002405A5 /* TJRoutes.m */ = {isa = PBXFileReference; fileEncoding = 4; lastKnownFileType = sourcecode.c.objc; path = TJRoutes.m; sourceTree = "<group>"; };
		CD7F23AC1E372B6300F47D3F /* TJTestModel.h */ = {isa = PBXFileReference; fileEncoding = 4; lastKnownFileType = sourcecode.c.h; path = TJTestModel.h; sourceTree = "<group>"; };
		CD7F23AD1E372B6300F47D3F /* TJTestModel.m */ = {isa = PBXFileReference; fileEncoding = 4; lastKnownFileType = sourcecode.c.objc; path = TJTestModel.m; sourceTree = "<group>"; };
		CD84D0391E48519D005026C3 /* TJMcros.h */ = {isa = PBXFileReference; fileEncoding = 4; lastKnownFileType = sourcecode.c.h; path = TJMcros.h; sourceTree = "<group>"; };
		CD84D03B1E486E81005026C3 /* TJConst.h */ = {isa = PBXFileReference; lastKnownFileType = sourcecode.c.h; path = TJConst.h; sourceTree = "<group>"; };
		CD8AEAAB1E2C671500C64BB7 /* UIViewController+TJMethodSwizzied.h */ = {isa = PBXFileReference; fileEncoding = 4; lastKnownFileType = sourcecode.c.h; path = "UIViewController+TJMethodSwizzied.h"; sourceTree = "<group>"; };
		CD8AEAAC1E2C671500C64BB7 /* UIViewController+TJMethodSwizzied.m */ = {isa = PBXFileReference; fileEncoding = 4; lastKnownFileType = sourcecode.c.objc; path = "UIViewController+TJMethodSwizzied.m"; sourceTree = "<group>"; };
		CD8AEAB61E2C8F6C00C64BB7 /* TJAPIConst.h */ = {isa = PBXFileReference; fileEncoding = 4; lastKnownFileType = sourcecode.c.h; path = TJAPIConst.h; sourceTree = "<group>"; };
		CD8AEAB71E2C8F6C00C64BB7 /* TJAPIManager.h */ = {isa = PBXFileReference; fileEncoding = 4; lastKnownFileType = sourcecode.c.h; path = TJAPIManager.h; sourceTree = "<group>"; };
		CD8AEAB81E2C8F6C00C64BB7 /* TJAPIManager.m */ = {isa = PBXFileReference; fileEncoding = 4; lastKnownFileType = sourcecode.c.objc; path = TJAPIManager.m; sourceTree = "<group>"; };
		CD8AEAB91E2C8F6C00C64BB7 /* TJHTTPSessionManager.h */ = {isa = PBXFileReference; fileEncoding = 4; lastKnownFileType = sourcecode.c.h; path = TJHTTPSessionManager.h; sourceTree = "<group>"; };
		CD8AEABA1E2C8F6C00C64BB7 /* TJHTTPSessionManager.m */ = {isa = PBXFileReference; fileEncoding = 4; lastKnownFileType = sourcecode.c.objc; path = TJHTTPSessionManager.m; sourceTree = "<group>"; };
		CD8AEADD1E2C94F300C64BB7 /* TJMainTabBarViewController.h */ = {isa = PBXFileReference; fileEncoding = 4; lastKnownFileType = sourcecode.c.h; path = TJMainTabBarViewController.h; sourceTree = "<group>"; };
		CD8AEADE1E2C94F300C64BB7 /* TJMainTabBarViewController.m */ = {isa = PBXFileReference; fileEncoding = 4; lastKnownFileType = sourcecode.c.objc; path = TJMainTabBarViewController.m; sourceTree = "<group>"; };
		CD8AEAE01E2C95C300C64BB7 /* TJFirstViewController.h */ = {isa = PBXFileReference; fileEncoding = 4; lastKnownFileType = sourcecode.c.h; path = TJFirstViewController.h; sourceTree = "<group>"; };
		CD8AEAE11E2C95C300C64BB7 /* TJFirstViewController.m */ = {isa = PBXFileReference; fileEncoding = 4; lastKnownFileType = sourcecode.c.objc; path = TJFirstViewController.m; sourceTree = "<group>"; };
		CD8AEAE31E2C95CF00C64BB7 /* TJSecondViewController.h */ = {isa = PBXFileReference; fileEncoding = 4; lastKnownFileType = sourcecode.c.h; path = TJSecondViewController.h; sourceTree = "<group>"; };
		CD8AEAE41E2C95CF00C64BB7 /* TJSecondViewController.m */ = {isa = PBXFileReference; fileEncoding = 4; lastKnownFileType = sourcecode.c.objc; path = TJSecondViewController.m; sourceTree = "<group>"; };
		CD8AEAE91E2C95E500C64BB7 /* TJFourViewController.h */ = {isa = PBXFileReference; fileEncoding = 4; lastKnownFileType = sourcecode.c.h; path = TJFourViewController.h; sourceTree = "<group>"; };
		CD8AEAEA1E2C95E500C64BB7 /* TJFourViewController.m */ = {isa = PBXFileReference; fileEncoding = 4; lastKnownFileType = sourcecode.c.objc; path = TJFourViewController.m; sourceTree = "<group>"; };
		CD8AEAED1E2C96EF00C64BB7 /* UIStoryboard+NewProject.h */ = {isa = PBXFileReference; fileEncoding = 4; lastKnownFileType = sourcecode.c.h; path = "UIStoryboard+NewProject.h"; sourceTree = "<group>"; };
		CD8AEAEE1E2C96EF00C64BB7 /* UIStoryboard+NewProject.m */ = {isa = PBXFileReference; fileEncoding = 4; lastKnownFileType = sourcecode.c.objc; path = "UIStoryboard+NewProject.m"; sourceTree = "<group>"; };
		CD8AEAFB1E2C9AF700C64BB7 /* UIWebView+TJCache.h */ = {isa = PBXFileReference; fileEncoding = 4; lastKnownFileType = sourcecode.c.h; path = "UIWebView+TJCache.h"; sourceTree = "<group>"; };
		CD8AEAFC1E2C9AF700C64BB7 /* UIWebView+TJCache.m */ = {isa = PBXFileReference; fileEncoding = 4; lastKnownFileType = sourcecode.c.objc; path = "UIWebView+TJCache.m"; sourceTree = "<group>"; };
		CD8AEB251E2CB99900C64BB7 /* TabIcon.xcassets */ = {isa = PBXFileReference; lastKnownFileType = folder.assetcatalog; path = TabIcon.xcassets; sourceTree = "<group>"; };
		CD8AEB281E2CBD3200C64BB7 /* UITabBar+TJBadge.h */ = {isa = PBXFileReference; fileEncoding = 4; lastKnownFileType = sourcecode.c.h; path = "UITabBar+TJBadge.h"; sourceTree = "<group>"; };
		CD8AEB291E2CBD3200C64BB7 /* UITabBar+TJBadge.m */ = {isa = PBXFileReference; fileEncoding = 4; lastKnownFileType = sourcecode.c.objc; path = "UITabBar+TJBadge.m"; sourceTree = "<group>"; };
		CD8AEB2B1E2DB31B00C64BB7 /* TJCategory.h */ = {isa = PBXFileReference; fileEncoding = 4; lastKnownFileType = sourcecode.c.h; path = TJCategory.h; sourceTree = "<group>"; };
		CD8AEB2C1E2DB45700C64BB7 /* NSString+TJCountCut.h */ = {isa = PBXFileReference; fileEncoding = 4; lastKnownFileType = sourcecode.c.h; path = "NSString+TJCountCut.h"; sourceTree = "<group>"; };
		CD8AEB2D1E2DB45700C64BB7 /* NSString+TJCountCut.m */ = {isa = PBXFileReference; fileEncoding = 4; lastKnownFileType = sourcecode.c.objc; path = "NSString+TJCountCut.m"; sourceTree = "<group>"; };
		CD8AEB301E2DB86400C64BB7 /* UIWindow+TJWindow.h */ = {isa = PBXFileReference; fileEncoding = 4; lastKnownFileType = sourcecode.c.h; path = "UIWindow+TJWindow.h"; sourceTree = "<group>"; };
		CD8AEB311E2DB86400C64BB7 /* UIWindow+TJWindow.m */ = {isa = PBXFileReference; fileEncoding = 4; lastKnownFileType = sourcecode.c.objc; path = "UIWindow+TJWindow.m"; sourceTree = "<group>"; };
		CD8AEB411E2DBFE100C64BB7 /* TJRoutesDelegate.h */ = {isa = PBXFileReference; fileEncoding = 4; lastKnownFileType = sourcecode.c.h; path = TJRoutesDelegate.h; sourceTree = "<group>"; };
		CD9205851EC0057600061E93 /* TJAudioRecorderViewController.h */ = {isa = PBXFileReference; fileEncoding = 4; lastKnownFileType = sourcecode.c.h; path = TJAudioRecorderViewController.h; sourceTree = "<group>"; };
		CD9205861EC0057600061E93 /* TJAudioRecorderViewController.m */ = {isa = PBXFileReference; fileEncoding = 4; lastKnownFileType = sourcecode.c.objc; path = TJAudioRecorderViewController.m; sourceTree = "<group>"; };
		CD9205871EC0057600061E93 /* TJAudioViewController.h */ = {isa = PBXFileReference; fileEncoding = 4; lastKnownFileType = sourcecode.c.h; path = TJAudioViewController.h; sourceTree = "<group>"; };
		CD9205881EC0057600061E93 /* TJAudioViewController.m */ = {isa = PBXFileReference; fileEncoding = 4; lastKnownFileType = sourcecode.c.objc; path = TJAudioViewController.m; sourceTree = "<group>"; };
		CD9205891EC0057600061E93 /* TJFoundationCameraViewController.h */ = {isa = PBXFileReference; fileEncoding = 4; lastKnownFileType = sourcecode.c.h; path = TJFoundationCameraViewController.h; sourceTree = "<group>"; };
		CD92058A1EC0057600061E93 /* TJFoundationCameraViewController.m */ = {isa = PBXFileReference; fileEncoding = 4; lastKnownFileType = sourcecode.c.objc; path = TJFoundationCameraViewController.m; sourceTree = "<group>"; };
		CD9205951EC0503400061E93 /* TJWebListTableViewController.h */ = {isa = PBXFileReference; fileEncoding = 4; lastKnownFileType = sourcecode.c.h; path = TJWebListTableViewController.h; sourceTree = "<group>"; };
		CD9205961EC0503400061E93 /* TJWebListTableViewController.m */ = {isa = PBXFileReference; fileEncoding = 4; lastKnownFileType = sourcecode.c.objc; path = TJWebListTableViewController.m; sourceTree = "<group>"; };
		CD9205991EC0527D00061E93 /* TJWebviewProgressLineViewController.h */ = {isa = PBXFileReference; fileEncoding = 4; lastKnownFileType = sourcecode.c.h; path = TJWebviewProgressLineViewController.h; sourceTree = "<group>"; };
		CD92059A1EC0527D00061E93 /* TJWebviewProgressLineViewController.m */ = {isa = PBXFileReference; fileEncoding = 4; lastKnownFileType = sourcecode.c.objc; path = TJWebviewProgressLineViewController.m; sourceTree = "<group>"; };
		CD92059C1EC052AE00061E93 /* TJViewProgressLine.h */ = {isa = PBXFileReference; fileEncoding = 4; lastKnownFileType = sourcecode.c.h; path = TJViewProgressLine.h; sourceTree = "<group>"; };
		CD92059D1EC052AE00061E93 /* TJViewProgressLine.m */ = {isa = PBXFileReference; fileEncoding = 4; lastKnownFileType = sourcecode.c.objc; path = TJViewProgressLine.m; sourceTree = "<group>"; };
		CD9205A01EC05E3E00061E93 /* TJWKWebViewViewController.h */ = {isa = PBXFileReference; fileEncoding = 4; lastKnownFileType = sourcecode.c.h; path = TJWKWebViewViewController.h; sourceTree = "<group>"; };
		CD9205A11EC05E3E00061E93 /* TJWKWebViewViewController.m */ = {isa = PBXFileReference; fileEncoding = 4; lastKnownFileType = sourcecode.c.objc; path = TJWKWebViewViewController.m; sourceTree = "<group>"; };
		CD9205A51EC15CBB00061E93 /* TJWKUserScriptViewController.h */ = {isa = PBXFileReference; fileEncoding = 4; lastKnownFileType = sourcecode.c.h; path = TJWKUserScriptViewController.h; sourceTree = "<group>"; };
		CD9205A61EC15CBB00061E93 /* TJWKUserScriptViewController.m */ = {isa = PBXFileReference; fileEncoding = 4; lastKnownFileType = sourcecode.c.objc; path = TJWKUserScriptViewController.m; sourceTree = "<group>"; };
		CD9205A91EC162CC00061E93 /* TJWebViewJavascriptBridgeViewController.h */ = {isa = PBXFileReference; fileEncoding = 4; lastKnownFileType = sourcecode.c.h; path = TJWebViewJavascriptBridgeViewController.h; sourceTree = "<group>"; };
		CD9205AA1EC162CC00061E93 /* TJWebViewJavascriptBridgeViewController.m */ = {isa = PBXFileReference; fileEncoding = 4; lastKnownFileType = sourcecode.c.objc; path = TJWebViewJavascriptBridgeViewController.m; sourceTree = "<group>"; };
		CD9205AC1EC164F300061E93 /* ExampleApp.html */ = {isa = PBXFileReference; fileEncoding = 4; lastKnownFileType = text.html; path = ExampleApp.html; sourceTree = "<group>"; };
		CD943E872079FC4C00850906 /* TJDeviceInfo.h */ = {isa = PBXFileReference; lastKnownFileType = sourcecode.c.h; path = TJDeviceInfo.h; sourceTree = "<group>"; };
		CD943E882079FC4C00850906 /* TJDeviceInfo.m */ = {isa = PBXFileReference; lastKnownFileType = sourcecode.c.objc; path = TJDeviceInfo.m; sourceTree = "<group>"; };
		CD94DF411EDFDF4D002FE86D /* TJVideoToolboxViewController.h */ = {isa = PBXFileReference; fileEncoding = 4; lastKnownFileType = sourcecode.c.h; path = TJVideoToolboxViewController.h; sourceTree = "<group>"; };
		CD94DF421EDFDF4D002FE86D /* TJVideoToolboxViewController.m */ = {isa = PBXFileReference; fileEncoding = 4; lastKnownFileType = sourcecode.c.objc; path = TJVideoToolboxViewController.m; sourceTree = "<group>"; };
		CD94DF441EDFE0EA002FE86D /* VideoToolbox.framework */ = {isa = PBXFileReference; lastKnownFileType = wrapper.framework; name = VideoToolbox.framework; path = System/Library/Frameworks/VideoToolbox.framework; sourceTree = SDKROOT; };
		CD94DF461EE0FD57002FE86D /* TJVideoToolboxDecodeViewController.h */ = {isa = PBXFileReference; fileEncoding = 4; lastKnownFileType = sourcecode.c.h; path = TJVideoToolboxDecodeViewController.h; sourceTree = "<group>"; };
		CD94DF471EE0FD57002FE86D /* TJVideoToolboxDecodeViewController.m */ = {isa = PBXFileReference; fileEncoding = 4; lastKnownFileType = sourcecode.c.objc; path = TJVideoToolboxDecodeViewController.m; sourceTree = "<group>"; };
		CD9537FC1EB96F3300326288 /* TJOrientationViewController.h */ = {isa = PBXFileReference; fileEncoding = 4; lastKnownFileType = sourcecode.c.h; path = TJOrientationViewController.h; sourceTree = "<group>"; };
		CD9537FD1EB96F3300326288 /* TJOrientationViewController.m */ = {isa = PBXFileReference; fileEncoding = 4; lastKnownFileType = sourcecode.c.objc; path = TJOrientationViewController.m; sourceTree = "<group>"; };
		CD9538001EB9D21600326288 /* MediaPlayer.framework */ = {isa = PBXFileReference; lastKnownFileType = wrapper.framework; name = MediaPlayer.framework; path = System/Library/Frameworks/MediaPlayer.framework; sourceTree = SDKROOT; };
		CD9538021EBAC8F700326288 /* TJThirdViewController+pushViewController.h */ = {isa = PBXFileReference; fileEncoding = 4; lastKnownFileType = sourcecode.c.h; path = "TJThirdViewController+pushViewController.h"; sourceTree = "<group>"; };
		CD9538031EBAC8F700326288 /* TJThirdViewController+pushViewController.m */ = {isa = PBXFileReference; fileEncoding = 4; lastKnownFileType = sourcecode.c.objc; path = "TJThirdViewController+pushViewController.m"; sourceTree = "<group>"; };
		CD95380D1EBAFDFF00326288 /* AVFoundation.framework */ = {isa = PBXFileReference; lastKnownFileType = wrapper.framework; name = AVFoundation.framework; path = System/Library/Frameworks/AVFoundation.framework; sourceTree = SDKROOT; };
		CD95380F1EBAFE1000326288 /* AudioToolbox.framework */ = {isa = PBXFileReference; lastKnownFileType = wrapper.framework; name = AudioToolbox.framework; path = System/Library/Frameworks/AudioToolbox.framework; sourceTree = SDKROOT; };
		CD9538161EBB08B100326288 /* The New Look of OS X Yosemite.mp4 */ = {isa = PBXFileReference; lastKnownFileType = file; path = "The New Look of OS X Yosemite.mp4"; sourceTree = "<group>"; };
		CD9538181EBB0B5800326288 /* 派对动物_五月天_派对动物.mp3 */ = {isa = PBXFileReference; lastKnownFileType = audio.mp3; path = "派对动物_五月天_派对动物.mp3"; sourceTree = "<group>"; };
		CD9538721EBC560900326288 /* AssetsLibrary.framework */ = {isa = PBXFileReference; lastKnownFileType = wrapper.framework; name = AssetsLibrary.framework; path = System/Library/Frameworks/AssetsLibrary.framework; sourceTree = SDKROOT; };
		CDA35B3320A5428F00A97D40 /* videoRing.caf */ = {isa = PBXFileReference; lastKnownFileType = file; path = videoRing.caf; sourceTree = "<group>"; };
		CDC414B91E24EE3B00EA685D /* UIViewController+TJDismissKeyboard.h */ = {isa = PBXFileReference; fileEncoding = 4; lastKnownFileType = sourcecode.c.h; path = "UIViewController+TJDismissKeyboard.h"; sourceTree = "<group>"; };
		CDC414BA1E24EE3B00EA685D /* UIViewController+TJDismissKeyboard.m */ = {isa = PBXFileReference; fileEncoding = 4; lastKnownFileType = sourcecode.c.objc; path = "UIViewController+TJDismissKeyboard.m"; sourceTree = "<group>"; };
		CDC414BB1E24EE3B00EA685D /* UIViewController+TJMBProgressHUD.h */ = {isa = PBXFileReference; fileEncoding = 4; lastKnownFileType = sourcecode.c.h; path = "UIViewController+TJMBProgressHUD.h"; sourceTree = "<group>"; };
		CDC414BC1E24EE3B00EA685D /* UIViewController+TJMBProgressHUD.m */ = {isa = PBXFileReference; fileEncoding = 4; lastKnownFileType = sourcecode.c.objc; path = "UIViewController+TJMBProgressHUD.m"; sourceTree = "<group>"; };
		CDC414D61E24EFC900EA685D /* UIFont+TJFont.h */ = {isa = PBXFileReference; fileEncoding = 4; lastKnownFileType = sourcecode.c.h; path = "UIFont+TJFont.h"; sourceTree = "<group>"; };
		CDC414D71E24EFC900EA685D /* UIFont+TJFont.m */ = {isa = PBXFileReference; fileEncoding = 4; lastKnownFileType = sourcecode.c.objc; path = "UIFont+TJFont.m"; sourceTree = "<group>"; };
		CDC414DB1E24F0FE00EA685D /* UIColor+TJColor.h */ = {isa = PBXFileReference; fileEncoding = 4; lastKnownFileType = sourcecode.c.h; path = "UIColor+TJColor.h"; sourceTree = "<group>"; };
		CDC414DC1E24F0FE00EA685D /* UIColor+TJColor.m */ = {isa = PBXFileReference; fileEncoding = 4; lastKnownFileType = sourcecode.c.objc; path = "UIColor+TJColor.m"; sourceTree = "<group>"; };
		CDC96A891E345289000239DB /* AppDelegate.h */ = {isa = PBXFileReference; fileEncoding = 4; lastKnownFileType = sourcecode.c.h; path = AppDelegate.h; sourceTree = "<group>"; };
		CDC96A8A1E345289000239DB /* AppDelegate.m */ = {isa = PBXFileReference; fileEncoding = 4; lastKnownFileType = sourcecode.c.objc; path = AppDelegate.m; sourceTree = "<group>"; };
		CDC96A8C1E345529000239DB /* TJConfig.h */ = {isa = PBXFileReference; lastKnownFileType = sourcecode.c.h; path = TJConfig.h; sourceTree = "<group>"; };
		CDC96A9F1E34861E000239DB /* TJTestViewController.h */ = {isa = PBXFileReference; fileEncoding = 4; lastKnownFileType = sourcecode.c.h; path = TJTestViewController.h; sourceTree = "<group>"; };
		CDC96AA01E34861E000239DB /* TJTestViewController.m */ = {isa = PBXFileReference; fileEncoding = 4; lastKnownFileType = sourcecode.c.objc; path = TJTestViewController.m; sourceTree = "<group>"; };
		CDC96AA21E348903000239DB /* AppDelegate+JLRoute.h */ = {isa = PBXFileReference; fileEncoding = 4; lastKnownFileType = sourcecode.c.h; path = "AppDelegate+JLRoute.h"; sourceTree = "<group>"; };
		CDC96AA31E348903000239DB /* AppDelegate+JLRoute.m */ = {isa = PBXFileReference; fileEncoding = 4; lastKnownFileType = sourcecode.c.objc; path = "AppDelegate+JLRoute.m"; sourceTree = "<group>"; };
		CDC96DEC1E35E4AD000239DB /* TJModel.h */ = {isa = PBXFileReference; fileEncoding = 4; lastKnownFileType = sourcecode.c.h; path = TJModel.h; sourceTree = "<group>"; };
		CDC96DED1E35E4AD000239DB /* TJModel.m */ = {isa = PBXFileReference; fileEncoding = 4; lastKnownFileType = sourcecode.c.objc; path = TJModel.m; sourceTree = "<group>"; };
		CDED52391EAEEEED006BF64C /* TJImagePickerCollectionViewCell.h */ = {isa = PBXFileReference; fileEncoding = 4; lastKnownFileType = sourcecode.c.h; path = TJImagePickerCollectionViewCell.h; sourceTree = "<group>"; };
		CDED523A1EAEEEED006BF64C /* TJImagePickerCollectionViewCell.m */ = {isa = PBXFileReference; fileEncoding = 4; lastKnownFileType = sourcecode.c.objc; path = TJImagePickerCollectionViewCell.m; sourceTree = "<group>"; };
		CDED52591EAF2817006BF64C /* TJCollectionViewController.h */ = {isa = PBXFileReference; fileEncoding = 4; lastKnownFileType = sourcecode.c.h; path = TJCollectionViewController.h; sourceTree = "<group>"; };
		CDED525A1EAF2817006BF64C /* TJCollectionViewController.m */ = {isa = PBXFileReference; fileEncoding = 4; lastKnownFileType = sourcecode.c.objc; path = TJCollectionViewController.m; sourceTree = "<group>"; };
		CDED525B1EAF2817006BF64C /* TJStoryboardCollectionViewController.h */ = {isa = PBXFileReference; fileEncoding = 4; lastKnownFileType = sourcecode.c.h; path = TJStoryboardCollectionViewController.h; sourceTree = "<group>"; };
		CDED525C1EAF2817006BF64C /* TJStoryboardCollectionViewController.m */ = {isa = PBXFileReference; fileEncoding = 4; lastKnownFileType = sourcecode.c.objc; path = TJStoryboardCollectionViewController.m; sourceTree = "<group>"; };
		CDED52621EAF286A006BF64C /* TJCollectionViewCell.h */ = {isa = PBXFileReference; fileEncoding = 4; lastKnownFileType = sourcecode.c.h; path = TJCollectionViewCell.h; sourceTree = "<group>"; };
		CDED52631EAF286A006BF64C /* TJCollectionViewCell.m */ = {isa = PBXFileReference; fileEncoding = 4; lastKnownFileType = sourcecode.c.objc; path = TJCollectionViewCell.m; sourceTree = "<group>"; };
		CDED52651EAF287E006BF64C /* TJCollectionHeaderReusableView.h */ = {isa = PBXFileReference; fileEncoding = 4; lastKnownFileType = sourcecode.c.h; path = TJCollectionHeaderReusableView.h; sourceTree = "<group>"; };
		CDED52661EAF287E006BF64C /* TJCollectionHeaderReusableView.m */ = {isa = PBXFileReference; fileEncoding = 4; lastKnownFileType = sourcecode.c.objc; path = TJCollectionHeaderReusableView.m; sourceTree = "<group>"; };
		CDED52681EAF288E006BF64C /* TJCollectionFooterReusableView.h */ = {isa = PBXFileReference; fileEncoding = 4; lastKnownFileType = sourcecode.c.h; path = TJCollectionFooterReusableView.h; sourceTree = "<group>"; };
		CDED52691EAF288E006BF64C /* TJCollectionFooterReusableView.m */ = {isa = PBXFileReference; fileEncoding = 4; lastKnownFileType = sourcecode.c.objc; path = TJCollectionFooterReusableView.m; sourceTree = "<group>"; };
/* End PBXFileReference section */

/* Begin PBXFrameworksBuildPhase section */
		CD13B0CD1E2333C900093161 /* Frameworks */ = {
			isa = PBXFrameworksBuildPhase;
			buildActionMask = 2147483647;
			files = (
				CD94DF451EDFE0EA002FE86D /* VideoToolbox.framework in Frameworks */,
				CD9538731EBC560900326288 /* AssetsLibrary.framework in Frameworks */,
				CD9538101EBAFE1000326288 /* AudioToolbox.framework in Frameworks */,
				CD95380E1EBAFDFF00326288 /* AVFoundation.framework in Frameworks */,
				CD9538011EB9D21600326288 /* MediaPlayer.framework in Frameworks */,
				4F5C2FBF65254427F27A69E8 /* libPods-NewProject.a in Frameworks */,
			);
			runOnlyForDeploymentPostprocessing = 0;
		};
		CD13B0E61E2333C900093161 /* Frameworks */ = {
			isa = PBXFrameworksBuildPhase;
			buildActionMask = 2147483647;
			files = (
			);
			runOnlyForDeploymentPostprocessing = 0;
		};
		CD13B0F11E2333C900093161 /* Frameworks */ = {
			isa = PBXFrameworksBuildPhase;
			buildActionMask = 2147483647;
			files = (
			);
			runOnlyForDeploymentPostprocessing = 0;
		};
/* End PBXFrameworksBuildPhase section */

/* Begin PBXGroup section */
		14C01A1DE18A5FED6F6BCA7A /* Frameworks */ = {
			isa = PBXGroup;
			children = (
				CD94DF441EDFE0EA002FE86D /* VideoToolbox.framework */,
				CD9538721EBC560900326288 /* AssetsLibrary.framework */,
				CD95380F1EBAFE1000326288 /* AudioToolbox.framework */,
				CD95380D1EBAFDFF00326288 /* AVFoundation.framework */,
				CD9538001EB9D21600326288 /* MediaPlayer.framework */,
				8C28FFE686E2C28AB0B8B924 /* libPods-NewProject.a */,
			);
			name = Frameworks;
			sourceTree = "<group>";
		};
		CD0073AD20A960DF003D25B5 /* localFile */ = {
			isa = PBXGroup;
			children = (
			);
			path = localFile;
			sourceTree = "<group>";
		};
		CD02EF561E44635100A7E8CC /* UIView */ = {
			isa = PBXGroup;
			children = (
				CD02EF5A1E44648F00A7E8CC /* UIView+showOnKeyWindow.h */,
				CD02EF5B1E44648F00A7E8CC /* UIView+showOnKeyWindow.m */,
				CD67A29A1E67F08700FEA095 /* UIView+Nib.h */,
				CD67A29B1E67F08700FEA095 /* UIView+Nib.m */,
			);
			path = UIView;
			sourceTree = "<group>";
		};
		CD13B0C71E2333C900093161 = {
			isa = PBXGroup;
			children = (
				CD13B0D21E2333C900093161 /* NewProject */,
				CD13B0EC1E2333C900093161 /* NewProjectTests */,
				CD13B0F71E2333C900093161 /* NewProjectUITests */,
				CD13B0D11E2333C900093161 /* Products */,
				DA68B9A826B128090858925A /* Pods */,
				14C01A1DE18A5FED6F6BCA7A /* Frameworks */,
			);
			sourceTree = "<group>";
		};
		CD13B0D11E2333C900093161 /* Products */ = {
			isa = PBXGroup;
			children = (
				CD13B0D01E2333C900093161 /* NewProject.app */,
				CD13B0E91E2333C900093161 /* NewProjectTests.xctest */,
				CD13B0F41E2333C900093161 /* NewProjectUITests.xctest */,
			);
			name = Products;
			sourceTree = "<group>";
		};
		CD13B0D21E2333C900093161 /* NewProject */ = {
			isa = PBXGroup;
			children = (
				CDC96A881E345289000239DB /* AppDelegate */,
				CDC96DEF1E35E4BA000239DB /* View */,
				CDC96DEB1E35E49E000239DB /* Model */,
				CD8AEB221E2CB99900C64BB7 /* Resources(资源) */,
				CD8AEAB11E2C788300C64BB7 /* ViewController(控制器) */,
				CDC414A61E24ED7400EA685D /* Expand(扩展) */,
				CD13B1061E23354E00093161 /* Vender(第三方) */,
				CD4B7C0F1E25CC87007945A0 /* TJPrefixHeader.pch */,
				CD13B0DC1E2333C900093161 /* Main.storyboard */,
				CD13B0DF1E2333C900093161 /* Assets.xcassets */,
				CD13B0E11E2333C900093161 /* LaunchScreen.storyboard */,
				CD13B0E41E2333C900093161 /* Info.plist */,
				CD13B0D31E2333C900093161 /* Supporting Files */,
			);
			path = NewProject;
			sourceTree = "<group>";
		};
		CD13B0D31E2333C900093161 /* Supporting Files */ = {
			isa = PBXGroup;
			children = (
				CD13B0D41E2333C900093161 /* main.m */,
			);
			name = "Supporting Files";
			sourceTree = "<group>";
		};
		CD13B0EC1E2333C900093161 /* NewProjectTests */ = {
			isa = PBXGroup;
			children = (
				CD13B0ED1E2333C900093161 /* NewProjectTests.m */,
				CD13B0EF1E2333C900093161 /* Info.plist */,
			);
			path = NewProjectTests;
			sourceTree = "<group>";
		};
		CD13B0F71E2333C900093161 /* NewProjectUITests */ = {
			isa = PBXGroup;
			children = (
				CD13B0F81E2333C900093161 /* NewProjectUITests.m */,
				CD13B0FA1E2333C900093161 /* Info.plist */,
			);
			path = NewProjectUITests;
			sourceTree = "<group>";
		};
		CD13B1061E23354E00093161 /* Vender(第三方) */ = {
			isa = PBXGroup;
			children = (
				CD13B1511E2472B800093161 /* AFNetworkActivityLogger */,
			);
			name = "Vender(第三方)";
			path = Vender;
			sourceTree = "<group>";
		};
		CD13B1511E2472B800093161 /* AFNetworkActivityLogger */ = {
			isa = PBXGroup;
			children = (
				CD13B1521E2472B800093161 /* AFNetworkActivityConsoleLogger.h */,
				CD13B1531E2472B800093161 /* AFNetworkActivityConsoleLogger.m */,
				CD13B1541E2472B800093161 /* AFNetworkActivityLogger.h */,
				CD13B1551E2472B800093161 /* AFNetworkActivityLogger.m */,
				CD13B1561E2472B800093161 /* AFNetworkActivityLoggerProtocol.h */,
			);
			path = AFNetworkActivityLogger;
			sourceTree = "<group>";
		};
		CD4B7C141E2604E9007945A0 /* Config(配置) */ = {
			isa = PBXGroup;
			children = (
				CDC96A8C1E345529000239DB /* TJConfig.h */,
				CD4B7C151E26053A007945A0 /* TJProjectConfig.h */,
				CD4B7C161E26053A007945A0 /* TJProjectConfig.m */,
				CD7E7BDA1E339FBA002405A5 /* TJRoutesConfig.h */,
				CD7E7BDB1E339FBA002405A5 /* TJRoutesConfig.m */,
			);
			name = "Config(配置)";
			path = Config;
			sourceTree = "<group>";
		};
		CD67A2A91E693FE600FEA095 /* View */ = {
			isa = PBXGroup;
			children = (
				CD1DCF541E694CB9002C21AF /* TJTableViewHeaderView.h */,
				CD1DCF551E694CB9002C21AF /* TJTableViewHeaderView.m */,
				CD1DCF521E694CA6002C21AF /* TJTableViewHeaderView.xib */,
				CDED52391EAEEEED006BF64C /* TJImagePickerCollectionViewCell.h */,
				CDED523A1EAEEEED006BF64C /* TJImagePickerCollectionViewCell.m */,
			);
			path = View;
			sourceTree = "<group>";
		};
		CD6CE5861EC5960D00346B7D /* UIImageView */ = {
			isa = PBXGroup;
			children = (
				CD6CE5881EC5978F00346B7D /* UIImageView+TJBlurEffeect.h */,
				CD6CE5891EC5978F00346B7D /* UIImageView+TJBlurEffeect.m */,
			);
			path = UIImageView;
			sourceTree = "<group>";
		};
		CD6CE58B1EC59C1E00346B7D /* UIImageView */ = {
			isa = PBXGroup;
			children = (
				CD6CE58C1EC59C5F00346B7D /* TJFontSizeAndBlurEffectViewController.h */,
				CD6CE58D1EC59C5F00346B7D /* TJFontSizeAndBlurEffectViewController.m */,
			);
			path = UIImageView;
			sourceTree = "<group>";
		};
		CD71E5A61E6D01710058B89F /* FMDB */ = {
			isa = PBXGroup;
			children = (
				CD71E5A71E6D01710058B89F /* Controller */,
				CD71E5A81E6D01710058B89F /* Model */,
				CD71E5A91E6D01710058B89F /* View */,
			);
			path = FMDB;
			sourceTree = "<group>";
		};
		CD71E5A71E6D01710058B89F /* Controller */ = {
			isa = PBXGroup;
			children = (
				CD71E5CD1E6D04FC0058B89F /* TJFMDBViewController.h */,
				CD71E5CE1E6D04FC0058B89F /* TJFMDBViewController.m */,
			);
			path = Controller;
			sourceTree = "<group>";
		};
		CD71E5A81E6D01710058B89F /* Model */ = {
			isa = PBXGroup;
			children = (
			);
			path = Model;
			sourceTree = "<group>";
		};
		CD71E5A91E6D01710058B89F /* View */ = {
			isa = PBXGroup;
			children = (
			);
			path = View;
			sourceTree = "<group>";
		};
		CD71E5B21E6D02750058B89F /* UIKit */ = {
			isa = PBXGroup;
			children = (
				CD0073AD20A960DF003D25B5 /* localFile */,
				CD6CE58B1EC59C1E00346B7D /* UIImageView */,
				CD9205841EC0057600061E93 /* Media */,
				CD71E5B71E6D02750058B89F /* Third.storyboard */,
				CD71E5B81E6D02750058B89F /* TJThirdViewController.h */,
				CD71E5B91E6D02750058B89F /* TJThirdViewController.m */,
				CD9538021EBAC8F700326288 /* TJThirdViewController+pushViewController.h */,
				CD9538031EBAC8F700326288 /* TJThirdViewController+pushViewController.m */,
				CD71E5B31E6D02750058B89F /* CustomAltertView */,
				CD9537FB1EB96F0B00326288 /* Orientation */,
				CD71E5BA1E6D02750058B89F /* UICollectionView */,
				CD71E5BB1E6D02750058B89F /* UITableView */,
			);
			path = UIKit;
			sourceTree = "<group>";
		};
		CD71E5B31E6D02750058B89F /* CustomAltertView */ = {
			isa = PBXGroup;
			children = (
				CD71E5B41E6D02750058B89F /* TJCustomAlertView.h */,
				CD71E5B51E6D02750058B89F /* TJCustomAlertView.m */,
				CD71E5B61E6D02750058B89F /* TJCustomAlertView.xib */,
			);
			name = CustomAltertView;
			path = customAltertView;
			sourceTree = "<group>";
		};
		CD71E5BA1E6D02750058B89F /* UICollectionView */ = {
			isa = PBXGroup;
			children = (
				CDED52581EAF27EC006BF64C /* Model */,
				CDED52561EAF279A006BF64C /* View */,
				CDED52571EAF27E0006BF64C /* Controller */,
			);
			path = UICollectionView;
			sourceTree = "<group>";
		};
		CD71E5BB1E6D02750058B89F /* UITableView */ = {
			isa = PBXGroup;
			children = (
				CD71E5BC1E6D02750058B89F /* TJStrockViewController.h */,
				CD71E5BD1E6D02750058B89F /* TJStrockViewController.m */,
			);
			path = UITableView;
			sourceTree = "<group>";
		};
		CD71E5C31E6D04210058B89F /* BaseViewController */ = {
			isa = PBXGroup;
			children = (
				CD71E5C41E6D04210058B89F /* TJBaseNavigationViewController.h */,
				CD71E5C51E6D04210058B89F /* TJBaseNavigationViewController.m */,
				CD71E5C61E6D04210058B89F /* TJBaseTableViewController.h */,
				CD71E5C71E6D04210058B89F /* TJBaseTableViewController.m */,
				CD71E5C81E6D04210058B89F /* TJBaseViewController.h */,
				CD71E5C91E6D04210058B89F /* TJBaseViewController.m */,
			);
			path = BaseViewController;
			sourceTree = "<group>";
		};
		CD7E7BDD1E33A0D0002405A5 /* Tool(工具类) */ = {
			isa = PBXGroup;
			children = (
				CD7E7BDE1E33A0EC002405A5 /* TJRoutes.h */,
				CD7E7BDF1E33A0EC002405A5 /* TJRoutes.m */,
				CD943E872079FC4C00850906 /* TJDeviceInfo.h */,
				CD943E882079FC4C00850906 /* TJDeviceInfo.m */,
			);
			name = "Tool(工具类)";
			path = Tool;
			sourceTree = "<group>";
		};
		CD84D0381E485174005026C3 /* Macros(宏) */ = {
			isa = PBXGroup;
			children = (
				CD84D0391E48519D005026C3 /* TJMcros.h */,
			);
			name = "Macros(宏)";
			path = Macros;
			sourceTree = "<group>";
		};
		CD84D03A1E486D6E005026C3 /* Const(常量) */ = {
			isa = PBXGroup;
			children = (
				CD84D03B1E486E81005026C3 /* TJConst.h */,
				CD71E5D01E6D338C0058B89F /* TJNotificationContants.h */,
				CD71E5D11E6D36B20058B89F /* TJStoryboardContants.h */,
			);
			name = "Const(常量)";
			path = Const;
			sourceTree = "<group>";
		};
		CD8AEAB11E2C788300C64BB7 /* ViewController(控制器) */ = {
			isa = PBXGroup;
			children = (
				CD71E5C31E6D04210058B89F /* BaseViewController */,
				CD8AEAC51E2C905900C64BB7 /* First(首页) */,
				CD8AEAC61E2C906400C64BB7 /* Second(咨询) */,
				CD71E5B21E6D02750058B89F /* UIKit */,
				CD8AEAC81E2C907700C64BB7 /* Four(我的) */,
				CD8AEAD61E2C944600C64BB7 /* TJTabBarViewController */,
			);
			name = "ViewController(控制器)";
			path = ViewController;
			sourceTree = "<group>";
		};
		CD8AEAB51E2C8F6C00C64BB7 /* Network(网络) */ = {
			isa = PBXGroup;
			children = (
				CD8AEAB61E2C8F6C00C64BB7 /* TJAPIConst.h */,
				CD8AEAB71E2C8F6C00C64BB7 /* TJAPIManager.h */,
				CD8AEAB81E2C8F6C00C64BB7 /* TJAPIManager.m */,
				CD8AEAB91E2C8F6C00C64BB7 /* TJHTTPSessionManager.h */,
				CD8AEABA1E2C8F6C00C64BB7 /* TJHTTPSessionManager.m */,
			);
			name = "Network(网络)";
			path = Network;
			sourceTree = "<group>";
		};
		CD8AEAC51E2C905900C64BB7 /* First(首页) */ = {
			isa = PBXGroup;
			children = (
				CD71E5AA1E6D02370058B89F /* First.storyboard */,
				CD8AEAE01E2C95C300C64BB7 /* TJFirstViewController.h */,
				CD8AEAE11E2C95C300C64BB7 /* TJFirstViewController.m */,
				CD0CF9B41EB196A800B98686 /* TJFirstViewController+CycleScrollView.h */,
				CD0CF9B51EB196A800B98686 /* TJFirstViewController+CycleScrollView.m */,
				CDC96A9F1E34861E000239DB /* TJTestViewController.h */,
				CDC96AA01E34861E000239DB /* TJTestViewController.m */,
			);
			name = "First(首页)";
			path = First;
			sourceTree = "<group>";
		};
		CD8AEAC61E2C906400C64BB7 /* Second(咨询) */ = {
			isa = PBXGroup;
			children = (
				CD9205911EC04FB400061E93 /* WebView */,
				CD71E5A61E6D01710058B89F /* FMDB */,
				CD8AEAE31E2C95CF00C64BB7 /* TJSecondViewController.h */,
				CD8AEAE41E2C95CF00C64BB7 /* TJSecondViewController.m */,
				CD71E5AC1E6D023E0058B89F /* Second.storyboard */,
			);
			name = "Second(咨询)";
			path = Second;
			sourceTree = "<group>";
		};
		CD8AEAC81E2C907700C64BB7 /* Four(我的) */ = {
			isa = PBXGroup;
			children = (
				CD71E5B01E6D02520058B89F /* Four.storyboard */,
				CD67A2A91E693FE600FEA095 /* View */,
				CD8AEAE91E2C95E500C64BB7 /* TJFourViewController.h */,
				CD8AEAEA1E2C95E500C64BB7 /* TJFourViewController.m */,
				CD0CF9C01EB1E2D200B98686 /* TJFourViewController+HeaderView.h */,
				CD0CF9C11EB1E2D200B98686 /* TJFourViewController+HeaderView.m */,
			);
			name = "Four(我的)";
			path = Four;
			sourceTree = "<group>";
		};
		CD8AEAD61E2C944600C64BB7 /* TJTabBarViewController */ = {
			isa = PBXGroup;
			children = (
				CD8AEADD1E2C94F300C64BB7 /* TJMainTabBarViewController.h */,
				CD8AEADE1E2C94F300C64BB7 /* TJMainTabBarViewController.m */,
			);
			path = TJTabBarViewController;
			sourceTree = "<group>";
		};
		CD8AEAEC1E2C96A400C64BB7 /* Storyboard */ = {
			isa = PBXGroup;
			children = (
				CD8AEAED1E2C96EF00C64BB7 /* UIStoryboard+NewProject.h */,
				CD8AEAEE1E2C96EF00C64BB7 /* UIStoryboard+NewProject.m */,
			);
			path = Storyboard;
			sourceTree = "<group>";
		};
		CD8AEAF11E2C98AA00C64BB7 /* UIWebView */ = {
			isa = PBXGroup;
			children = (
				CD8AEAFB1E2C9AF700C64BB7 /* UIWebView+TJCache.h */,
				CD8AEAFC1E2C9AF700C64BB7 /* UIWebView+TJCache.m */,
			);
			path = UIWebView;
			sourceTree = "<group>";
		};
		CD8AEB221E2CB99900C64BB7 /* Resources(资源) */ = {
			isa = PBXGroup;
			children = (
				CDA35B3320A5428F00A97D40 /* videoRing.caf */,
				CD9538161EBB08B100326288 /* The New Look of OS X Yosemite.mp4 */,
				CD9538181EBB0B5800326288 /* 派对动物_五月天_派对动物.mp3 */,
				CD67A2AD1E6940A900FEA095 /* 1.jpg */,
				CD8AEB251E2CB99900C64BB7 /* TabIcon.xcassets */,
			);
			name = "Resources(资源)";
			path = Resources;
			sourceTree = "<group>";
		};
		CD8AEB271E2CBD1900C64BB7 /* UITabar */ = {
			isa = PBXGroup;
			children = (
				CD8AEB281E2CBD3200C64BB7 /* UITabBar+TJBadge.h */,
				CD8AEB291E2CBD3200C64BB7 /* UITabBar+TJBadge.m */,
			);
			path = UITabar;
			sourceTree = "<group>";
		};
		CD8AEB2F1E2DB84600C64BB7 /* UIWindow */ = {
			isa = PBXGroup;
			children = (
				CD8AEB301E2DB86400C64BB7 /* UIWindow+TJWindow.h */,
				CD8AEB311E2DB86400C64BB7 /* UIWindow+TJWindow.m */,
			);
			path = UIWindow;
			sourceTree = "<group>";
		};
		CD9205841EC0057600061E93 /* Media */ = {
			isa = PBXGroup;
			children = (
				CD9205851EC0057600061E93 /* TJAudioRecorderViewController.h */,
				CD9205861EC0057600061E93 /* TJAudioRecorderViewController.m */,
				CD9205871EC0057600061E93 /* TJAudioViewController.h */,
				CD9205881EC0057600061E93 /* TJAudioViewController.m */,
				CD9205891EC0057600061E93 /* TJFoundationCameraViewController.h */,
				CD92058A1EC0057600061E93 /* TJFoundationCameraViewController.m */,
				CD6CE5661EC3FC5B00346B7D /* TJFoundationCameraRecordingViewController.h */,
				CD6CE5671EC3FC5B00346B7D /* TJFoundationCameraRecordingViewController.m */,
				CD6CE5811EC553FB00346B7D /* TJMPMoviePlayerController.h */,
				CD6CE5821EC553FB00346B7D /* TJMPMoviePlayerController.m */,
				CD6CE5841EC555DB00346B7D /* The New Look of OS X Yosemite.mp4 */,
				CD94DF411EDFDF4D002FE86D /* TJVideoToolboxViewController.h */,
				CD94DF421EDFDF4D002FE86D /* TJVideoToolboxViewController.m */,
				CD94DF461EE0FD57002FE86D /* TJVideoToolboxDecodeViewController.h */,
				CD94DF471EE0FD57002FE86D /* TJVideoToolboxDecodeViewController.m */,
			);
			path = Media;
			sourceTree = "<group>";
		};
		CD9205911EC04FB400061E93 /* WebView */ = {
			isa = PBXGroup;
			children = (
				CD9205A81EC1629500061E93 /* WebViewJavascriptBridge */,
				CD9205A41EC15C9C00061E93 /* WKUserScript */,
				CD92059F1EC05E1D00061E93 /* WKWebView */,
				CD9205981EC0519200061E93 /* UIWebView进度条 */,
				CD9205951EC0503400061E93 /* TJWebListTableViewController.h */,
				CD9205961EC0503400061E93 /* TJWebListTableViewController.m */,
			);
			name = WebView;
			path = FMDB/WebView;
			sourceTree = "<group>";
		};
		CD9205981EC0519200061E93 /* UIWebView进度条 */ = {
			isa = PBXGroup;
			children = (
				CD92059C1EC052AE00061E93 /* TJViewProgressLine.h */,
				CD92059D1EC052AE00061E93 /* TJViewProgressLine.m */,
				CD9205991EC0527D00061E93 /* TJWebviewProgressLineViewController.h */,
				CD92059A1EC0527D00061E93 /* TJWebviewProgressLineViewController.m */,
			);
			path = "UIWebView进度条";
			sourceTree = "<group>";
		};
		CD92059F1EC05E1D00061E93 /* WKWebView */ = {
			isa = PBXGroup;
			children = (
				CD9205A01EC05E3E00061E93 /* TJWKWebViewViewController.h */,
				CD9205A11EC05E3E00061E93 /* TJWKWebViewViewController.m */,
			);
			path = WKWebView;
			sourceTree = "<group>";
		};
		CD9205A41EC15C9C00061E93 /* WKUserScript */ = {
			isa = PBXGroup;
			children = (
				CD9205A51EC15CBB00061E93 /* TJWKUserScriptViewController.h */,
				CD9205A61EC15CBB00061E93 /* TJWKUserScriptViewController.m */,
			);
			path = WKUserScript;
			sourceTree = "<group>";
		};
		CD9205A81EC1629500061E93 /* WebViewJavascriptBridge */ = {
			isa = PBXGroup;
			children = (
				CD9205AC1EC164F300061E93 /* ExampleApp.html */,
				CD9205A91EC162CC00061E93 /* TJWebViewJavascriptBridgeViewController.h */,
				CD9205AA1EC162CC00061E93 /* TJWebViewJavascriptBridgeViewController.m */,
			);
			path = WebViewJavascriptBridge;
			sourceTree = "<group>";
		};
		CD9537FB1EB96F0B00326288 /* Orientation */ = {
			isa = PBXGroup;
			children = (
				CD9537FC1EB96F3300326288 /* TJOrientationViewController.h */,
				CD9537FD1EB96F3300326288 /* TJOrientationViewController.m */,
			);
			path = Orientation;
			sourceTree = "<group>";
		};
		CDC414A61E24ED7400EA685D /* Expand(扩展) */ = {
			isa = PBXGroup;
			children = (
				CD84D03A1E486D6E005026C3 /* Const(常量) */,
				CD84D0381E485174005026C3 /* Macros(宏) */,
				CD7E7BDD1E33A0D0002405A5 /* Tool(工具类) */,
				CD8AEAB51E2C8F6C00C64BB7 /* Network(网络) */,
				CD4B7C141E2604E9007945A0 /* Config(配置) */,
				CDC414B71E24EE3000EA685D /* Category(分类) */,
				CDC414B61E24EDF400EA685D /* Protocol(协议) */,
			);
			name = "Expand(扩展)";
			path = Expand;
			sourceTree = "<group>";
		};
		CDC414B61E24EDF400EA685D /* Protocol(协议) */ = {
			isa = PBXGroup;
			children = (
				CD8AEB411E2DBFE100C64BB7 /* TJRoutesDelegate.h */,
			);
			name = "Protocol(协议)";
			path = Protocol;
			sourceTree = "<group>";
		};
		CDC414B71E24EE3000EA685D /* Category(分类) */ = {
			isa = PBXGroup;
			children = (
				CD8AEB2B1E2DB31B00C64BB7 /* TJCategory.h */,
				CD6CE5861EC5960D00346B7D /* UIImageView */,
				CD02EF561E44635100A7E8CC /* UIView */,
				CD8AEB2F1E2DB84600C64BB7 /* UIWindow */,
				CDC414B81E24EE3B00EA685D /* UIViewController */,
				CD8AEB271E2CBD1900C64BB7 /* UITabar */,
				CD8AEAF11E2C98AA00C64BB7 /* UIWebView */,
				CD8AEAEC1E2C96A400C64BB7 /* Storyboard */,
				CDC414C61E24EEA000EA685D /* UIImage */,
				CDC414C51E24EE9300EA685D /* UIColor */,
				CDC414C41E24EE8700EA685D /* UIFont */,
				CDC414C31E24EE7700EA685D /* NSString */,
			);
			name = "Category(分类)";
			path = Category;
			sourceTree = "<group>";
		};
		CDC414B81E24EE3B00EA685D /* UIViewController */ = {
			isa = PBXGroup;
			children = (
				CDC414B91E24EE3B00EA685D /* UIViewController+TJDismissKeyboard.h */,
				CDC414BA1E24EE3B00EA685D /* UIViewController+TJDismissKeyboard.m */,
				CDC414BB1E24EE3B00EA685D /* UIViewController+TJMBProgressHUD.h */,
				CDC414BC1E24EE3B00EA685D /* UIViewController+TJMBProgressHUD.m */,
				CD8AEAAB1E2C671500C64BB7 /* UIViewController+TJMethodSwizzied.h */,
				CD8AEAAC1E2C671500C64BB7 /* UIViewController+TJMethodSwizzied.m */,
			);
			path = UIViewController;
			sourceTree = "<group>";
		};
		CDC414C31E24EE7700EA685D /* NSString */ = {
			isa = PBXGroup;
			children = (
				CD8AEB2C1E2DB45700C64BB7 /* NSString+TJCountCut.h */,
				CD8AEB2D1E2DB45700C64BB7 /* NSString+TJCountCut.m */,
			);
			path = NSString;
			sourceTree = "<group>";
		};
		CDC414C41E24EE8700EA685D /* UIFont */ = {
			isa = PBXGroup;
			children = (
				CDC414D61E24EFC900EA685D /* UIFont+TJFont.h */,
				CDC414D71E24EFC900EA685D /* UIFont+TJFont.m */,
			);
			path = UIFont;
			sourceTree = "<group>";
		};
		CDC414C51E24EE9300EA685D /* UIColor */ = {
			isa = PBXGroup;
			children = (
				CDC414DB1E24F0FE00EA685D /* UIColor+TJColor.h */,
				CDC414DC1E24F0FE00EA685D /* UIColor+TJColor.m */,
			);
			path = UIColor;
			sourceTree = "<group>";
		};
		CDC414C61E24EEA000EA685D /* UIImage */ = {
			isa = PBXGroup;
			children = (
				CD3659D51E5BD672008DCB12 /* UIImage+Extension.h */,
				CD3659D61E5BD672008DCB12 /* UIImage+Extension.m */,
			);
			path = UIImage;
			sourceTree = "<group>";
		};
		CDC96A881E345289000239DB /* AppDelegate */ = {
			isa = PBXGroup;
			children = (
				CDC96A891E345289000239DB /* AppDelegate.h */,
				CDC96A8A1E345289000239DB /* AppDelegate.m */,
				CD2C02FC20AAB85E0064A2C6 /* TJCacheCleanerPlugin.h */,
				CD2C02FD20AAB85E0064A2C6 /* TJCacheCleanerPlugin.m */,
				CD2C02FF20AABA250064A2C6 /* TJRetainCycleLoggerPlugin.h */,
				CD2C030020AABA250064A2C6 /* TJRetainCycleLoggerPlugin.m */,
				CDC96AA21E348903000239DB /* AppDelegate+JLRoute.h */,
				CDC96AA31E348903000239DB /* AppDelegate+JLRoute.m */,
			);
			path = AppDelegate;
			sourceTree = "<group>";
		};
		CDC96DEB1E35E49E000239DB /* Model */ = {
			isa = PBXGroup;
			children = (
				CDC96DEC1E35E4AD000239DB /* TJModel.h */,
				CDC96DED1E35E4AD000239DB /* TJModel.m */,
				CD7F23AC1E372B6300F47D3F /* TJTestModel.h */,
				CD7F23AD1E372B6300F47D3F /* TJTestModel.m */,
			);
			path = Model;
			sourceTree = "<group>";
		};
		CDC96DEF1E35E4BA000239DB /* View */ = {
			isa = PBXGroup;
			children = (
			);
			path = View;
			sourceTree = "<group>";
		};
		CDED52561EAF279A006BF64C /* View */ = {
			isa = PBXGroup;
			children = (
				CD0CF9CC1EB2E05E00B98686 /* LxGridViewFlowLayout.h */,
				CD0CF9CD1EB2E05E00B98686 /* LxGridViewFlowLayout.m */,
				CD0CF9CF1EB2E5B000B98686 /* TZTestCell.h */,
				CD0CF9D01EB2E5B000B98686 /* TZTestCell.m */,
				CDED52621EAF286A006BF64C /* TJCollectionViewCell.h */,
				CDED52631EAF286A006BF64C /* TJCollectionViewCell.m */,
				CDED52651EAF287E006BF64C /* TJCollectionHeaderReusableView.h */,
				CDED52661EAF287E006BF64C /* TJCollectionHeaderReusableView.m */,
				CDED52681EAF288E006BF64C /* TJCollectionFooterReusableView.h */,
				CDED52691EAF288E006BF64C /* TJCollectionFooterReusableView.m */,
			);
			path = View;
			sourceTree = "<group>";
		};
		CDED52571EAF27E0006BF64C /* Controller */ = {
			isa = PBXGroup;
			children = (
				CDED52591EAF2817006BF64C /* TJCollectionViewController.h */,
				CDED525A1EAF2817006BF64C /* TJCollectionViewController.m */,
				CDED525B1EAF2817006BF64C /* TJStoryboardCollectionViewController.h */,
				CDED525C1EAF2817006BF64C /* TJStoryboardCollectionViewController.m */,
				CD0CF9C61EB2D9F700B98686 /* TJImagePickerViewController.h */,
				CD0CF9C71EB2D9F700B98686 /* TJImagePickerViewController.m */,
			);
			path = Controller;
			sourceTree = "<group>";
		};
		CDED52581EAF27EC006BF64C /* Model */ = {
			isa = PBXGroup;
			children = (
			);
			path = Model;
			sourceTree = "<group>";
		};
		DA68B9A826B128090858925A /* Pods */ = {
			isa = PBXGroup;
			children = (
				532B01B05635263ACECCD636 /* Pods-NewProject.debug.xcconfig */,
				865A46DFA4885307B4324AC0 /* Pods-NewProject.release.xcconfig */,
			);
			name = Pods;
			sourceTree = "<group>";
		};
/* End PBXGroup section */

/* Begin PBXNativeTarget section */
		CD13B0CF1E2333C900093161 /* NewProject */ = {
			isa = PBXNativeTarget;
			buildConfigurationList = CD13B0FD1E2333C900093161 /* Build configuration list for PBXNativeTarget "NewProject" */;
			buildPhases = (
				6CFF150B16F68316E2E53305 /* [CP] Check Pods Manifest.lock */,
				CD13B0CC1E2333C900093161 /* Sources */,
				CD13B0CD1E2333C900093161 /* Frameworks */,
				CD13B0CE1E2333C900093161 /* Resources */,
				3EE98091F74F11A502784F65 /* [CP] Embed Pods Frameworks */,
				1478F55799A44BB7BD1DF750 /* [CP] Copy Pods Resources */,
			);
			buildRules = (
			);
			dependencies = (
			);
			name = NewProject;
			productName = NewProject;
			productReference = CD13B0D01E2333C900093161 /* NewProject.app */;
			productType = "com.apple.product-type.application";
		};
		CD13B0E81E2333C900093161 /* NewProjectTests */ = {
			isa = PBXNativeTarget;
			buildConfigurationList = CD13B1001E2333C900093161 /* Build configuration list for PBXNativeTarget "NewProjectTests" */;
			buildPhases = (
				CD13B0E51E2333C900093161 /* Sources */,
				CD13B0E61E2333C900093161 /* Frameworks */,
				CD13B0E71E2333C900093161 /* Resources */,
			);
			buildRules = (
			);
			dependencies = (
				CD13B0EB1E2333C900093161 /* PBXTargetDependency */,
			);
			name = NewProjectTests;
			productName = NewProjectTests;
			productReference = CD13B0E91E2333C900093161 /* NewProjectTests.xctest */;
			productType = "com.apple.product-type.bundle.unit-test";
		};
		CD13B0F31E2333C900093161 /* NewProjectUITests */ = {
			isa = PBXNativeTarget;
			buildConfigurationList = CD13B1031E2333C900093161 /* Build configuration list for PBXNativeTarget "NewProjectUITests" */;
			buildPhases = (
				CD13B0F01E2333C900093161 /* Sources */,
				CD13B0F11E2333C900093161 /* Frameworks */,
				CD13B0F21E2333C900093161 /* Resources */,
			);
			buildRules = (
			);
			dependencies = (
				CD13B0F61E2333C900093161 /* PBXTargetDependency */,
			);
			name = NewProjectUITests;
			productName = NewProjectUITests;
			productReference = CD13B0F41E2333C900093161 /* NewProjectUITests.xctest */;
			productType = "com.apple.product-type.bundle.ui-testing";
		};
/* End PBXNativeTarget section */

/* Begin PBXProject section */
		CD13B0C81E2333C900093161 /* Project object */ = {
			isa = PBXProject;
			attributes = {
				LastUpgradeCheck = 0820;
				ORGANIZATIONNAME = STV;
				TargetAttributes = {
					CD13B0CF1E2333C900093161 = {
						CreatedOnToolsVersion = 8.2.1;
						DevelopmentTeam = TZF97Y7PMP;
						ProvisioningStyle = Automatic;
					};
					CD13B0E81E2333C900093161 = {
						CreatedOnToolsVersion = 8.2.1;
						DevelopmentTeam = PNSNG2F6PC;
						ProvisioningStyle = Automatic;
						TestTargetID = CD13B0CF1E2333C900093161;
					};
					CD13B0F31E2333C900093161 = {
						CreatedOnToolsVersion = 8.2.1;
						DevelopmentTeam = PNSNG2F6PC;
						ProvisioningStyle = Automatic;
						TestTargetID = CD13B0CF1E2333C900093161;
					};
				};
			};
			buildConfigurationList = CD13B0CB1E2333C900093161 /* Build configuration list for PBXProject "NewProject" */;
			compatibilityVersion = "Xcode 3.2";
			developmentRegion = English;
			hasScannedForEncodings = 0;
			knownRegions = (
				en,
				Base,
			);
			mainGroup = CD13B0C71E2333C900093161;
			productRefGroup = CD13B0D11E2333C900093161 /* Products */;
			projectDirPath = "";
			projectRoot = "";
			targets = (
				CD13B0CF1E2333C900093161 /* NewProject */,
				CD13B0E81E2333C900093161 /* NewProjectTests */,
				CD13B0F31E2333C900093161 /* NewProjectUITests */,
			);
		};
/* End PBXProject section */

/* Begin PBXResourcesBuildPhase section */
		CD13B0CE1E2333C900093161 /* Resources */ = {
			isa = PBXResourcesBuildPhase;
			buildActionMask = 2147483647;
			files = (
				CD67A2AE1E6940A900FEA095 /* 1.jpg in Resources */,
				CD13B0E31E2333C900093161 /* LaunchScreen.storyboard in Resources */,
				CD71E5AD1E6D023E0058B89F /* Second.storyboard in Resources */,
				CD13B0E01E2333C900093161 /* Assets.xcassets in Resources */,
				CD9205AD1EC164F300061E93 /* ExampleApp.html in Resources */,
				CD71E5C01E6D02750058B89F /* Third.storyboard in Resources */,
				CD1DCF531E694CA6002C21AF /* TJTableViewHeaderView.xib in Resources */,
				CD8AEB261E2CB99900C64BB7 /* TabIcon.xcassets in Resources */,
				CDA35B3420A5428F00A97D40 /* videoRing.caf in Resources */,
				CD71E5BF1E6D02750058B89F /* TJCustomAlertView.xib in Resources */,
				CD6CE5851EC555DB00346B7D /* The New Look of OS X Yosemite.mp4 in Resources */,
				CD13B0DE1E2333C900093161 /* Main.storyboard in Resources */,
				CD71E5B11E6D02520058B89F /* Four.storyboard in Resources */,
				CD9538171EBB08B100326288 /* The New Look of OS X Yosemite.mp4 in Resources */,
				CD9538191EBB0B5800326288 /* 派对动物_五月天_派对动物.mp3 in Resources */,
				CD71E5AB1E6D02370058B89F /* First.storyboard in Resources */,
			);
			runOnlyForDeploymentPostprocessing = 0;
		};
		CD13B0E71E2333C900093161 /* Resources */ = {
			isa = PBXResourcesBuildPhase;
			buildActionMask = 2147483647;
			files = (
			);
			runOnlyForDeploymentPostprocessing = 0;
		};
		CD13B0F21E2333C900093161 /* Resources */ = {
			isa = PBXResourcesBuildPhase;
			buildActionMask = 2147483647;
			files = (
			);
			runOnlyForDeploymentPostprocessing = 0;
		};
/* End PBXResourcesBuildPhase section */

/* Begin PBXShellScriptBuildPhase section */
		1478F55799A44BB7BD1DF750 /* [CP] Copy Pods Resources */ = {
			isa = PBXShellScriptBuildPhase;
			buildActionMask = 2147483647;
			files = (
			);
			inputPaths = (
				"${SRCROOT}/Pods/Target Support Files/Pods-NewProject/Pods-NewProject-resources.sh",
				"${PODS_ROOT}/IQKeyboardManager/IQKeyboardManager/Resources/IQKeyboardManager.bundle",
				"${PODS_ROOT}/MJRefresh/MJRefresh/MJRefresh.bundle",
				"${PODS_ROOT}/SVProgressHUD/SVProgressHUD/SVProgressHUD.bundle",
				"${PODS_ROOT}/TZImagePickerController/TZImagePickerController/TZImagePickerController/TZImagePickerController.bundle",
			);
			name = "[CP] Copy Pods Resources";
			outputPaths = (
				"${TARGET_BUILD_DIR}/${UNLOCALIZED_RESOURCES_FOLDER_PATH}",
			);
			runOnlyForDeploymentPostprocessing = 0;
			shellPath = /bin/sh;
			shellScript = "\"${SRCROOT}/Pods/Target Support Files/Pods-NewProject/Pods-NewProject-resources.sh\"\n";
			showEnvVarsInLog = 0;
		};
		3EE98091F74F11A502784F65 /* [CP] Embed Pods Frameworks */ = {
			isa = PBXShellScriptBuildPhase;
			buildActionMask = 2147483647;
			files = (
			);
			inputPaths = (
			);
			name = "[CP] Embed Pods Frameworks";
			outputPaths = (
			);
			runOnlyForDeploymentPostprocessing = 0;
			shellPath = /bin/sh;
			shellScript = "\"${SRCROOT}/Pods/Target Support Files/Pods-NewProject/Pods-NewProject-frameworks.sh\"\n";
			showEnvVarsInLog = 0;
		};
		6CFF150B16F68316E2E53305 /* [CP] Check Pods Manifest.lock */ = {
			isa = PBXShellScriptBuildPhase;
			buildActionMask = 2147483647;
			files = (
			);
			inputPaths = (
				"${PODS_PODFILE_DIR_PATH}/Podfile.lock",
				"${PODS_ROOT}/Manifest.lock",
			);
			name = "[CP] Check Pods Manifest.lock";
			outputPaths = (
				"$(DERIVED_FILE_DIR)/Pods-NewProject-checkManifestLockResult.txt",
			);
			runOnlyForDeploymentPostprocessing = 0;
			shellPath = /bin/sh;
			shellScript = "diff \"${PODS_PODFILE_DIR_PATH}/Podfile.lock\" \"${PODS_ROOT}/Manifest.lock\" > /dev/null\nif [ $? != 0 ] ; then\n    # print error to STDERR\n    echo \"error: The sandbox is not in sync with the Podfile.lock. Run 'pod install' or update your CocoaPods installation.\" >&2\n    exit 1\nfi\n# This output is used by Xcode 'outputs' to avoid re-running this script phase.\necho \"SUCCESS\" > \"${SCRIPT_OUTPUT_FILE_0}\"\n";
			showEnvVarsInLog = 0;
		};
/* End PBXShellScriptBuildPhase section */

/* Begin PBXSourcesBuildPhase section */
		CD13B0CC1E2333C900093161 /* Sources */ = {
			isa = PBXSourcesBuildPhase;
			buildActionMask = 2147483647;
			files = (
				CDC414BE1E24EE3B00EA685D /* UIViewController+TJMBProgressHUD.m in Sources */,
				CD7E7BE01E33A0EC002405A5 /* TJRoutes.m in Sources */,
				CD8AEB321E2DB86400C64BB7 /* UIWindow+TJWindow.m in Sources */,
				CD92058B1EC0057600061E93 /* TJAudioRecorderViewController.m in Sources */,
				CD8AEAE21E2C95C300C64BB7 /* TJFirstViewController.m in Sources */,
				CD0CF9B61EB196A800B98686 /* TJFirstViewController+CycleScrollView.m in Sources */,
				CD6CE58E1EC59C5F00346B7D /* TJFontSizeAndBlurEffectViewController.m in Sources */,
				CD71E5C21E6D02750058B89F /* TJStrockViewController.m in Sources */,
				CDC96DEE1E35E4AD000239DB /* TJModel.m in Sources */,
				CD92058C1EC0057600061E93 /* TJAudioViewController.m in Sources */,
				CD1DCF561E694CB9002C21AF /* TJTableViewHeaderView.m in Sources */,
				CD02EF5C1E44648F00A7E8CC /* UIView+showOnKeyWindow.m in Sources */,
				CD8AEAAD1E2C671500C64BB7 /* UIViewController+TJMethodSwizzied.m in Sources */,
				CDED525D1EAF2817006BF64C /* TJCollectionViewController.m in Sources */,
				CDED52641EAF286A006BF64C /* TJCollectionViewCell.m in Sources */,
				CD9205AB1EC162CC00061E93 /* TJWebViewJavascriptBridgeViewController.m in Sources */,
				CD6CE58A1EC5978F00346B7D /* UIImageView+TJBlurEffeect.m in Sources */,
				CD92058D1EC0057600061E93 /* TJFoundationCameraViewController.m in Sources */,
				CD8AEABC1E2C8F6C00C64BB7 /* TJHTTPSessionManager.m in Sources */,
				CD71E5CB1E6D04210058B89F /* TJBaseTableViewController.m in Sources */,
				CD8AEAFD1E2C9AF700C64BB7 /* UIWebView+TJCache.m in Sources */,
				CD3659D71E5BD672008DCB12 /* UIImage+Extension.m in Sources */,
				CDC414D81E24EFC900EA685D /* UIFont+TJFont.m in Sources */,
				CD4B7C171E26053A007945A0 /* TJProjectConfig.m in Sources */,
				CD9538041EBAC8F700326288 /* TJThirdViewController+pushViewController.m in Sources */,
				CDC96AA41E348903000239DB /* AppDelegate+JLRoute.m in Sources */,
				CD13B1571E2472B800093161 /* AFNetworkActivityConsoleLogger.m in Sources */,
				CDC414BD1E24EE3B00EA685D /* UIViewController+TJDismissKeyboard.m in Sources */,
				CD0CF9C21EB1E2D200B98686 /* TJFourViewController+HeaderView.m in Sources */,
				CD8AEABB1E2C8F6C00C64BB7 /* TJAPIManager.m in Sources */,
				CD9205A71EC15CBB00061E93 /* TJWKUserScriptViewController.m in Sources */,
				CD7F23AE1E372B6300F47D3F /* TJTestModel.m in Sources */,
				CD13B0D51E2333C900093161 /* main.m in Sources */,
				CD71E5CA1E6D04210058B89F /* TJBaseNavigationViewController.m in Sources */,
				CD0CF9CE1EB2E05E00B98686 /* LxGridViewFlowLayout.m in Sources */,
				CDED526A1EAF288E006BF64C /* TJCollectionFooterReusableView.m in Sources */,
				CD2C030120AABA250064A2C6 /* TJRetainCycleLoggerPlugin.m in Sources */,
				CDED523B1EAEEEED006BF64C /* TJImagePickerCollectionViewCell.m in Sources */,
				CDC414DD1E24F0FE00EA685D /* UIColor+TJColor.m in Sources */,
				CD92059E1EC052AE00061E93 /* TJViewProgressLine.m in Sources */,
				CD13B1581E2472B800093161 /* AFNetworkActivityLogger.m in Sources */,
				CD9205A21EC05E3E00061E93 /* TJWKWebViewViewController.m in Sources */,
				CD92059B1EC0527D00061E93 /* TJWebviewProgressLineViewController.m in Sources */,
				CD94DF431EDFDF4D002FE86D /* TJVideoToolboxViewController.m in Sources */,
				CD67A29C1E67F08700FEA095 /* UIView+Nib.m in Sources */,
				CD9205971EC0503400061E93 /* TJWebListTableViewController.m in Sources */,
				CD71E5CF1E6D04FC0058B89F /* TJFMDBViewController.m in Sources */,
				CD9537FE1EB96F3300326288 /* TJOrientationViewController.m in Sources */,
				CD8AEB2A1E2CBD3200C64BB7 /* UITabBar+TJBadge.m in Sources */,
				CD94DF481EE0FD57002FE86D /* TJVideoToolboxDecodeViewController.m in Sources */,
				CDC96A8B1E345289000239DB /* AppDelegate.m in Sources */,
				CDED52671EAF287E006BF64C /* TJCollectionHeaderReusableView.m in Sources */,
				CD0CF9D11EB2E5B000B98686 /* TZTestCell.m in Sources */,
				CD2C02FE20AAB85E0064A2C6 /* TJCacheCleanerPlugin.m in Sources */,
				CD71E5CC1E6D04210058B89F /* TJBaseViewController.m in Sources */,
				CD8AEAEF1E2C96EF00C64BB7 /* UIStoryboard+NewProject.m in Sources */,
				CD8AEADF1E2C94F300C64BB7 /* TJMainTabBarViewController.m in Sources */,
				CD8AEAEB1E2C95E500C64BB7 /* TJFourViewController.m in Sources */,
				CD71E5C11E6D02750058B89F /* TJThirdViewController.m in Sources */,
				CD943E892079FC4C00850906 /* TJDeviceInfo.m in Sources */,
				CD71E5BE1E6D02750058B89F /* TJCustomAlertView.m in Sources */,
				CD6CE5831EC553FB00346B7D /* TJMPMoviePlayerController.m in Sources */,
				CD0CF9C81EB2D9F700B98686 /* TJImagePickerViewController.m in Sources */,
				CD8AEAE51E2C95CF00C64BB7 /* TJSecondViewController.m in Sources */,
				CD7E7BDC1E339FBA002405A5 /* TJRoutesConfig.m in Sources */,
				CDED525E1EAF2817006BF64C /* TJStoryboardCollectionViewController.m in Sources */,
				CD8AEB2E1E2DB45700C64BB7 /* NSString+TJCountCut.m in Sources */,
				CD6CE5681EC3FC5B00346B7D /* TJFoundationCameraRecordingViewController.m in Sources */,
				CDC96AA11E34861E000239DB /* TJTestViewController.m in Sources */,
			);
			runOnlyForDeploymentPostprocessing = 0;
		};
		CD13B0E51E2333C900093161 /* Sources */ = {
			isa = PBXSourcesBuildPhase;
			buildActionMask = 2147483647;
			files = (
				CDC414DE1E24F0FE00EA685D /* UIColor+TJColor.m in Sources */,
				CD13B0EE1E2333C900093161 /* NewProjectTests.m in Sources */,
				CDC414D91E24EFC900EA685D /* UIFont+TJFont.m in Sources */,
			);
			runOnlyForDeploymentPostprocessing = 0;
		};
		CD13B0F01E2333C900093161 /* Sources */ = {
			isa = PBXSourcesBuildPhase;
			buildActionMask = 2147483647;
			files = (
				CDC414DF1E24F0FE00EA685D /* UIColor+TJColor.m in Sources */,
				CD13B0F91E2333C900093161 /* NewProjectUITests.m in Sources */,
				CDC414DA1E24EFC900EA685D /* UIFont+TJFont.m in Sources */,
			);
			runOnlyForDeploymentPostprocessing = 0;
		};
/* End PBXSourcesBuildPhase section */

/* Begin PBXTargetDependency section */
		CD13B0EB1E2333C900093161 /* PBXTargetDependency */ = {
			isa = PBXTargetDependency;
			target = CD13B0CF1E2333C900093161 /* NewProject */;
			targetProxy = CD13B0EA1E2333C900093161 /* PBXContainerItemProxy */;
		};
		CD13B0F61E2333C900093161 /* PBXTargetDependency */ = {
			isa = PBXTargetDependency;
			target = CD13B0CF1E2333C900093161 /* NewProject */;
			targetProxy = CD13B0F51E2333C900093161 /* PBXContainerItemProxy */;
		};
/* End PBXTargetDependency section */

/* Begin PBXVariantGroup section */
		CD13B0DC1E2333C900093161 /* Main.storyboard */ = {
			isa = PBXVariantGroup;
			children = (
				CD13B0DD1E2333C900093161 /* Base */,
			);
			name = Main.storyboard;
			sourceTree = "<group>";
		};
		CD13B0E11E2333C900093161 /* LaunchScreen.storyboard */ = {
			isa = PBXVariantGroup;
			children = (
				CD13B0E21E2333C900093161 /* Base */,
			);
			name = LaunchScreen.storyboard;
			sourceTree = "<group>";
		};
/* End PBXVariantGroup section */

/* Begin XCBuildConfiguration section */
		CD13B0FB1E2333C900093161 /* Debug */ = {
			isa = XCBuildConfiguration;
			buildSettings = {
				ALWAYS_SEARCH_USER_PATHS = NO;
				CLANG_ANALYZER_NONNULL = YES;
				CLANG_CXX_LANGUAGE_STANDARD = "gnu++0x";
				CLANG_CXX_LIBRARY = "libc++";
				CLANG_ENABLE_MODULES = YES;
				CLANG_ENABLE_OBJC_ARC = YES;
				CLANG_WARN_BOOL_CONVERSION = YES;
				CLANG_WARN_CONSTANT_CONVERSION = YES;
				CLANG_WARN_DIRECT_OBJC_ISA_USAGE = YES_ERROR;
				CLANG_WARN_DOCUMENTATION_COMMENTS = YES;
				CLANG_WARN_EMPTY_BODY = YES;
				CLANG_WARN_ENUM_CONVERSION = YES;
				CLANG_WARN_INFINITE_RECURSION = YES;
				CLANG_WARN_INT_CONVERSION = YES;
				CLANG_WARN_OBJC_ROOT_CLASS = YES_ERROR;
				CLANG_WARN_SUSPICIOUS_MOVE = YES;
				CLANG_WARN_UNREACHABLE_CODE = YES;
				CLANG_WARN__DUPLICATE_METHOD_MATCH = YES;
				"CODE_SIGN_IDENTITY[sdk=iphoneos*]" = "iPhone Developer";
				COPY_PHASE_STRIP = NO;
				DEBUG_INFORMATION_FORMAT = dwarf;
				ENABLE_STRICT_OBJC_MSGSEND = YES;
				ENABLE_TESTABILITY = YES;
				GCC_C_LANGUAGE_STANDARD = gnu99;
				GCC_DYNAMIC_NO_PIC = NO;
				GCC_NO_COMMON_BLOCKS = YES;
				GCC_OPTIMIZATION_LEVEL = 0;
				GCC_PREPROCESSOR_DEFINITIONS = (
					"DEBUG=1",
					"$(inherited)",
				);
				GCC_WARN_64_TO_32_BIT_CONVERSION = YES;
				GCC_WARN_ABOUT_RETURN_TYPE = YES_ERROR;
				GCC_WARN_UNDECLARED_SELECTOR = YES;
				GCC_WARN_UNINITIALIZED_AUTOS = YES_AGGRESSIVE;
				GCC_WARN_UNUSED_FUNCTION = YES;
				GCC_WARN_UNUSED_VARIABLE = YES;
				IPHONEOS_DEPLOYMENT_TARGET = 8.0;
				MTL_ENABLE_DEBUG_INFO = YES;
				ONLY_ACTIVE_ARCH = YES;
				SDKROOT = iphoneos;
				TARGETED_DEVICE_FAMILY = "1,2";
			};
			name = Debug;
		};
		CD13B0FC1E2333C900093161 /* Release */ = {
			isa = XCBuildConfiguration;
			buildSettings = {
				ALWAYS_SEARCH_USER_PATHS = NO;
				CLANG_ANALYZER_NONNULL = YES;
				CLANG_CXX_LANGUAGE_STANDARD = "gnu++0x";
				CLANG_CXX_LIBRARY = "libc++";
				CLANG_ENABLE_MODULES = YES;
				CLANG_ENABLE_OBJC_ARC = YES;
				CLANG_WARN_BOOL_CONVERSION = YES;
				CLANG_WARN_CONSTANT_CONVERSION = YES;
				CLANG_WARN_DIRECT_OBJC_ISA_USAGE = YES_ERROR;
				CLANG_WARN_DOCUMENTATION_COMMENTS = YES;
				CLANG_WARN_EMPTY_BODY = YES;
				CLANG_WARN_ENUM_CONVERSION = YES;
				CLANG_WARN_INFINITE_RECURSION = YES;
				CLANG_WARN_INT_CONVERSION = YES;
				CLANG_WARN_OBJC_ROOT_CLASS = YES_ERROR;
				CLANG_WARN_SUSPICIOUS_MOVE = YES;
				CLANG_WARN_UNREACHABLE_CODE = YES;
				CLANG_WARN__DUPLICATE_METHOD_MATCH = YES;
				"CODE_SIGN_IDENTITY[sdk=iphoneos*]" = "iPhone Developer";
				COPY_PHASE_STRIP = NO;
				DEBUG_INFORMATION_FORMAT = "dwarf-with-dsym";
				ENABLE_NS_ASSERTIONS = NO;
				ENABLE_STRICT_OBJC_MSGSEND = YES;
				GCC_C_LANGUAGE_STANDARD = gnu99;
				GCC_NO_COMMON_BLOCKS = YES;
				GCC_WARN_64_TO_32_BIT_CONVERSION = YES;
				GCC_WARN_ABOUT_RETURN_TYPE = YES_ERROR;
				GCC_WARN_UNDECLARED_SELECTOR = YES;
				GCC_WARN_UNINITIALIZED_AUTOS = YES_AGGRESSIVE;
				GCC_WARN_UNUSED_FUNCTION = YES;
				GCC_WARN_UNUSED_VARIABLE = YES;
				IPHONEOS_DEPLOYMENT_TARGET = 8.0;
				MTL_ENABLE_DEBUG_INFO = NO;
				SDKROOT = iphoneos;
				TARGETED_DEVICE_FAMILY = "1,2";
				VALIDATE_PRODUCT = YES;
			};
			name = Release;
		};
		CD13B0FE1E2333C900093161 /* Debug */ = {
			isa = XCBuildConfiguration;
			baseConfigurationReference = 532B01B05635263ACECCD636 /* Pods-NewProject.debug.xcconfig */;
			buildSettings = {
				ASSETCATALOG_COMPILER_APPICON_NAME = AppIcon;
				DEVELOPMENT_TEAM = TZF97Y7PMP;
				GCC_PREFIX_HEADER = NewProject/TJPrefixHeader.pch;
				INFOPLIST_FILE = NewProject/Info.plist;
				LD_RUNPATH_SEARCH_PATHS = "$(inherited) @executable_path/Frameworks";
				PRODUCT_BUNDLE_IDENTIFIER = "com.nover-supertv.NewProject";
				PRODUCT_NAME = "$(TARGET_NAME)";
				TARGETED_DEVICE_FAMILY = 1;
			};
			name = Debug;
		};
		CD13B0FF1E2333C900093161 /* Release */ = {
			isa = XCBuildConfiguration;
			baseConfigurationReference = 865A46DFA4885307B4324AC0 /* Pods-NewProject.release.xcconfig */;
			buildSettings = {
				ASSETCATALOG_COMPILER_APPICON_NAME = AppIcon;
				DEVELOPMENT_TEAM = TZF97Y7PMP;
				GCC_PREFIX_HEADER = NewProject/TJPrefixHeader.pch;
				INFOPLIST_FILE = NewProject/Info.plist;
				LD_RUNPATH_SEARCH_PATHS = "$(inherited) @executable_path/Frameworks";
				PRODUCT_BUNDLE_IDENTIFIER = "com.nover-supertv.NewProject";
				PRODUCT_NAME = "$(TARGET_NAME)";
				TARGETED_DEVICE_FAMILY = 1;
			};
			name = Release;
		};
		CD13B1011E2333C900093161 /* Debug */ = {
			isa = XCBuildConfiguration;
			buildSettings = {
				BUNDLE_LOADER = "$(TEST_HOST)";
				DEVELOPMENT_TEAM = PNSNG2F6PC;
				INFOPLIST_FILE = NewProjectTests/Info.plist;
				LD_RUNPATH_SEARCH_PATHS = "$(inherited) @executable_path/Frameworks @loader_path/Frameworks";
				PRODUCT_BUNDLE_IDENTIFIER = "com.nover-supertv.NewProjectTests";
				PRODUCT_NAME = "$(TARGET_NAME)";
				TEST_HOST = "$(BUILT_PRODUCTS_DIR)/NewProject.app/NewProject";
			};
			name = Debug;
		};
		CD13B1021E2333C900093161 /* Release */ = {
			isa = XCBuildConfiguration;
			buildSettings = {
				BUNDLE_LOADER = "$(TEST_HOST)";
				DEVELOPMENT_TEAM = PNSNG2F6PC;
				INFOPLIST_FILE = NewProjectTests/Info.plist;
				LD_RUNPATH_SEARCH_PATHS = "$(inherited) @executable_path/Frameworks @loader_path/Frameworks";
				PRODUCT_BUNDLE_IDENTIFIER = "com.nover-supertv.NewProjectTests";
				PRODUCT_NAME = "$(TARGET_NAME)";
				TEST_HOST = "$(BUILT_PRODUCTS_DIR)/NewProject.app/NewProject";
			};
			name = Release;
		};
		CD13B1041E2333C900093161 /* Debug */ = {
			isa = XCBuildConfiguration;
			buildSettings = {
				DEVELOPMENT_TEAM = PNSNG2F6PC;
				INFOPLIST_FILE = NewProjectUITests/Info.plist;
				LD_RUNPATH_SEARCH_PATHS = "$(inherited) @executable_path/Frameworks @loader_path/Frameworks";
				PRODUCT_BUNDLE_IDENTIFIER = "com.nover-supertv.NewProjectUITests";
				PRODUCT_NAME = "$(TARGET_NAME)";
				TEST_TARGET_NAME = NewProject;
			};
			name = Debug;
		};
		CD13B1051E2333C900093161 /* Release */ = {
			isa = XCBuildConfiguration;
			buildSettings = {
				DEVELOPMENT_TEAM = PNSNG2F6PC;
				INFOPLIST_FILE = NewProjectUITests/Info.plist;
				LD_RUNPATH_SEARCH_PATHS = "$(inherited) @executable_path/Frameworks @loader_path/Frameworks";
				PRODUCT_BUNDLE_IDENTIFIER = "com.nover-supertv.NewProjectUITests";
				PRODUCT_NAME = "$(TARGET_NAME)";
				TEST_TARGET_NAME = NewProject;
			};
			name = Release;
		};
/* End XCBuildConfiguration section */

/* Begin XCConfigurationList section */
		CD13B0CB1E2333C900093161 /* Build configuration list for PBXProject "NewProject" */ = {
			isa = XCConfigurationList;
			buildConfigurations = (
				CD13B0FB1E2333C900093161 /* Debug */,
				CD13B0FC1E2333C900093161 /* Release */,
			);
			defaultConfigurationIsVisible = 0;
			defaultConfigurationName = Release;
		};
		CD13B0FD1E2333C900093161 /* Build configuration list for PBXNativeTarget "NewProject" */ = {
			isa = XCConfigurationList;
			buildConfigurations = (
				CD13B0FE1E2333C900093161 /* Debug */,
				CD13B0FF1E2333C900093161 /* Release */,
			);
			defaultConfigurationIsVisible = 0;
			defaultConfigurationName = Release;
		};
		CD13B1001E2333C900093161 /* Build configuration list for PBXNativeTarget "NewProjectTests" */ = {
			isa = XCConfigurationList;
			buildConfigurations = (
				CD13B1011E2333C900093161 /* Debug */,
				CD13B1021E2333C900093161 /* Release */,
			);
			defaultConfigurationIsVisible = 0;
			defaultConfigurationName = Release;
		};
		CD13B1031E2333C900093161 /* Build configuration list for PBXNativeTarget "NewProjectUITests" */ = {
			isa = XCConfigurationList;
			buildConfigurations = (
				CD13B1041E2333C900093161 /* Debug */,
				CD13B1051E2333C900093161 /* Release */,
			);
			defaultConfigurationIsVisible = 0;
			defaultConfigurationName = Release;
		};
/* End XCConfigurationList section */
	};
	rootObject = CD13B0C81E2333C900093161 /* Project object */;
}
